
Microsoft Visual Studio Solution File, Format Version 12.00
# Visual Studio Version 16
VisualStudioVersion = 16.0.29519.181
MinimumVisualStudioVersion = 10.0.40219.1
Project("{8BC9CEB8-8B4A-11D0-8D11-00A0C91BC942}") = "Chapter7", "Chapter7\Chapter7.vcxproj", "{16B2597D-4EA6-4F9C-ADF5-F7F1070E01A0}"
EndProject
Project("{8BC9CEB8-8B4A-11D0-8D11-00A0C91BC942}") = "7_2", "7_2\7_2.vcxproj", "{0B6C729D-D9D0-4E38-9522-DA17CB2C2A68}"
EndProject
Project("{8BC9CEB8-8B4A-11D0-8D11-00A0C91BC942}") = "7_3", "7_3\7_3.vcxproj", "{E7E90BAF-3A29-4A91-A284-9A33629982F6}"
EndProject
Project("{8BC9CEB8-8B4A-11D0-8D11-00A0C91BC942}") = "7_3a", "7_3a\7_3a.vcxproj", "{7CB7E4CB-1D7B-4348-8E52-B471CC78D2C2}"
EndProject
Project("{8BC9CEB8-8B4A-11D0-8D11-00A0C91BC942}") = "7_4", "7_4\7_4.vcxproj", "{0FC8B68D-8FAF-4B51-98D3-17291A775751}"
EndProject
Project("{8BC9CEB8-8B4A-11D0-8D11-00A0C91BC942}") = "7_4a", "7_4a\7_4a.vcxproj", "{BEE7E9EF-BFFC-44BE-B768-D0CA1B3EC262}"
EndProject
Project("{8BC9CEB8-8B4A-11D0-8D11-00A0C91BC942}") = "7_4b", "7_4b\7_4b.vcxproj", "{6420DBF2-7A45-4012-80D6-2744F3FDD5CE}"
EndProject
Project("{8BC9CEB8-8B4A-11D0-8D11-00A0C91BC942}") = "7_5 various return value", "7_5 various return value\7_5 various return value.vcxproj", "{F75EBC6D-C0A8-4E6B-BE6F-3483E525D8D4}"
EndProject
Project("{8BC9CEB8-8B4A-11D0-8D11-00A0C91BC942}") = "7_5a", "7_5a\7_5a.vcxproj", "{A4733D88-489E-4389-8EE3-98933C1FB81C}"
EndProject
Project("{8BC9CEB8-8B4A-11D0-8D11-00A0C91BC942}") = "7_5b", "7_5b\7_5b.vcxproj", "{FD9FC995-9CCE-460F-B047-7A98864EABBC}"
EndProject
Project("{8BC9CEB8-8B4A-11D0-8D11-00A0C91BC942}") = "7_5_tuple", "7_5_tuple\7_5_tuple.vcxproj", "{F1B86057-018D-47F8-9246-B3FB5749F6D7}"
EndProject
Project("{8BC9CEB8-8B4A-11D0-8D11-00A0C91BC942}") = "7_5_tuple2", "7_5_tuple2\7_5_tuple2.vcxproj", "{8A402A17-CF96-407F-B6E7-483332C57018}"
EndProject
Project("{8BC9CEB8-8B4A-11D0-8D11-00A0C91BC942}") = "7_6", "7_6\7_6.vcxproj", "{B0B7BF9B-3E6E-4220-9164-E3AC1F4E829D}"
EndProject
Project("{8BC9CEB8-8B4A-11D0-8D11-00A0C91BC942}") = "7_7", "7_7\7_7.vcxproj", "{7CC61436-E143-4A79-A81C-2A588A1F36A0}"
EndProject
Project("{8BC9CEB8-8B4A-11D0-8D11-00A0C91BC942}") = "7_8", "7_8\7_8.vcxproj", "{9DF81286-59DC-4187-A577-53F1FB35A0C7}"
EndProject
Project("{8BC9CEB8-8B4A-11D0-8D11-00A0C91BC942}") = "7_9", "7_9\7_9.vcxproj", "{1F89572A-EB32-49A3-98DE-597A7EE8E3B3}"
EndProject
Project("{8BC9CEB8-8B4A-11D0-8D11-00A0C91BC942}") = "7_9a", "7_9a\7_9a.vcxproj", "{F33866B0-656D-438E-9080-6C3A1AB25900}"
EndProject
Project("{8BC9CEB8-8B4A-11D0-8D11-00A0C91BC942}") = "7_9b", "7_9b\7_9b.vcxproj", "{490B67C4-7E08-4E27-AC05-77E999A238B0}"
EndProject
Project("{8BC9CEB8-8B4A-11D0-8D11-00A0C91BC942}") = "7_11", "7_11\7_11.vcxproj", "{011BE9E6-9CD9-45CC-A087-96FD9110C0B5}"
EndProject
Project("{8BC9CEB8-8B4A-11D0-8D11-00A0C91BC942}") = "7_11a", "7_11a\7_11a.vcxproj", "{F624FDF5-4F04-4E04-8C7B-990144D9B6C7}"
EndProject
Project("{8BC9CEB8-8B4A-11D0-8D11-00A0C91BC942}") = "7_12", "7_12\7_12.vcxproj", "{C2BCE282-5D4E-47C3-8F66-0BE966161661}"
EndProject
Project("{8BC9CEB8-8B4A-11D0-8D11-00A0C91BC942}") = "7_12a", "7_12a\7_12a.vcxproj", "{9C3D498E-5313-4F46-B83F-E5F8BD6D95EC}"
EndProject
Global
	GlobalSection(SolutionConfigurationPlatforms) = preSolution
		Debug|x64 = Debug|x64
		Debug|x86 = Debug|x86
		Release|x64 = Release|x64
		Release|x86 = Release|x86
	EndGlobalSection
	GlobalSection(ProjectConfigurationPlatforms) = postSolution
		{16B2597D-4EA6-4F9C-ADF5-F7F1070E01A0}.Debug|x64.ActiveCfg = Debug|x64
		{16B2597D-4EA6-4F9C-ADF5-F7F1070E01A0}.Debug|x64.Build.0 = Debug|x64
		{16B2597D-4EA6-4F9C-ADF5-F7F1070E01A0}.Debug|x86.ActiveCfg = Debug|Win32
		{16B2597D-4EA6-4F9C-ADF5-F7F1070E01A0}.Debug|x86.Build.0 = Debug|Win32
		{16B2597D-4EA6-4F9C-ADF5-F7F1070E01A0}.Release|x64.ActiveCfg = Release|x64
		{16B2597D-4EA6-4F9C-ADF5-F7F1070E01A0}.Release|x64.Build.0 = Release|x64
		{16B2597D-4EA6-4F9C-ADF5-F7F1070E01A0}.Release|x86.ActiveCfg = Release|Win32
		{16B2597D-4EA6-4F9C-ADF5-F7F1070E01A0}.Release|x86.Build.0 = Release|Win32
		{0B6C729D-D9D0-4E38-9522-DA17CB2C2A68}.Debug|x64.ActiveCfg = Debug|x64
		{0B6C729D-D9D0-4E38-9522-DA17CB2C2A68}.Debug|x64.Build.0 = Debug|x64
		{0B6C729D-D9D0-4E38-9522-DA17CB2C2A68}.Debug|x86.ActiveCfg = Debug|Win32
		{0B6C729D-D9D0-4E38-9522-DA17CB2C2A68}.Debug|x86.Build.0 = Debug|Win32
		{0B6C729D-D9D0-4E38-9522-DA17CB2C2A68}.Release|x64.ActiveCfg = Release|x64
		{0B6C729D-D9D0-4E38-9522-DA17CB2C2A68}.Release|x64.Build.0 = Release|x64
		{0B6C729D-D9D0-4E38-9522-DA17CB2C2A68}.Release|x86.ActiveCfg = Release|Win32
		{0B6C729D-D9D0-4E38-9522-DA17CB2C2A68}.Release|x86.Build.0 = Release|Win32
		{E7E90BAF-3A29-4A91-A284-9A33629982F6}.Debug|x64.ActiveCfg = Debug|x64
		{E7E90BAF-3A29-4A91-A284-9A33629982F6}.Debug|x64.Build.0 = Debug|x64
		{E7E90BAF-3A29-4A91-A284-9A33629982F6}.Debug|x86.ActiveCfg = Debug|Win32
		{E7E90BAF-3A29-4A91-A284-9A33629982F6}.Debug|x86.Build.0 = Debug|Win32
		{E7E90BAF-3A29-4A91-A284-9A33629982F6}.Release|x64.ActiveCfg = Release|x64
		{E7E90BAF-3A29-4A91-A284-9A33629982F6}.Release|x64.Build.0 = Release|x64
		{E7E90BAF-3A29-4A91-A284-9A33629982F6}.Release|x86.ActiveCfg = Release|Win32
		{E7E90BAF-3A29-4A91-A284-9A33629982F6}.Release|x86.Build.0 = Release|Win32
		{7CB7E4CB-1D7B-4348-8E52-B471CC78D2C2}.Debug|x64.ActiveCfg = Debug|x64
		{7CB7E4CB-1D7B-4348-8E52-B471CC78D2C2}.Debug|x64.Build.0 = Debug|x64
		{7CB7E4CB-1D7B-4348-8E52-B471CC78D2C2}.Debug|x86.ActiveCfg = Debug|Win32
		{7CB7E4CB-1D7B-4348-8E52-B471CC78D2C2}.Debug|x86.Build.0 = Debug|Win32
		{7CB7E4CB-1D7B-4348-8E52-B471CC78D2C2}.Release|x64.ActiveCfg = Release|x64
		{7CB7E4CB-1D7B-4348-8E52-B471CC78D2C2}.Release|x64.Build.0 = Release|x64
		{7CB7E4CB-1D7B-4348-8E52-B471CC78D2C2}.Release|x86.ActiveCfg = Release|Win32
		{7CB7E4CB-1D7B-4348-8E52-B471CC78D2C2}.Release|x86.Build.0 = Release|Win32
		{0FC8B68D-8FAF-4B51-98D3-17291A775751}.Debug|x64.ActiveCfg = Debug|x64
		{0FC8B68D-8FAF-4B51-98D3-17291A775751}.Debug|x64.Build.0 = Debug|x64
		{0FC8B68D-8FAF-4B51-98D3-17291A775751}.Debug|x86.ActiveCfg = Debug|Win32
		{0FC8B68D-8FAF-4B51-98D3-17291A775751}.Debug|x86.Build.0 = Debug|Win32
		{0FC8B68D-8FAF-4B51-98D3-17291A775751}.Release|x64.ActiveCfg = Release|x64
		{0FC8B68D-8FAF-4B51-98D3-17291A775751}.Release|x64.Build.0 = Release|x64
		{0FC8B68D-8FAF-4B51-98D3-17291A775751}.Release|x86.ActiveCfg = Release|Win32
		{0FC8B68D-8FAF-4B51-98D3-17291A775751}.Release|x86.Build.0 = Release|Win32
		{BEE7E9EF-BFFC-44BE-B768-D0CA1B3EC262}.Debug|x64.ActiveCfg = Debug|x64
		{BEE7E9EF-BFFC-44BE-B768-D0CA1B3EC262}.Debug|x64.Build.0 = Debug|x64
		{BEE7E9EF-BFFC-44BE-B768-D0CA1B3EC262}.Debug|x86.ActiveCfg = Debug|Win32
		{BEE7E9EF-BFFC-44BE-B768-D0CA1B3EC262}.Debug|x86.Build.0 = Debug|Win32
		{BEE7E9EF-BFFC-44BE-B768-D0CA1B3EC262}.Release|x64.ActiveCfg = Release|x64
		{BEE7E9EF-BFFC-44BE-B768-D0CA1B3EC262}.Release|x64.Build.0 = Release|x64
		{BEE7E9EF-BFFC-44BE-B768-D0CA1B3EC262}.Release|x86.ActiveCfg = Release|Win32
		{BEE7E9EF-BFFC-44BE-B768-D0CA1B3EC262}.Release|x86.Build.0 = Release|Win32
		{6420DBF2-7A45-4012-80D6-2744F3FDD5CE}.Debug|x64.ActiveCfg = Debug|x64
		{6420DBF2-7A45-4012-80D6-2744F3FDD5CE}.Debug|x64.Build.0 = Debug|x64
		{6420DBF2-7A45-4012-80D6-2744F3FDD5CE}.Debug|x86.ActiveCfg = Debug|Win32
		{6420DBF2-7A45-4012-80D6-2744F3FDD5CE}.Debug|x86.Build.0 = Debug|Win32
		{6420DBF2-7A45-4012-80D6-2744F3FDD5CE}.Release|x64.ActiveCfg = Release|x64
		{6420DBF2-7A45-4012-80D6-2744F3FDD5CE}.Release|x64.Build.0 = Release|x64
		{6420DBF2-7A45-4012-80D6-2744F3FDD5CE}.Release|x86.ActiveCfg = Release|Win32
		{6420DBF2-7A45-4012-80D6-2744F3FDD5CE}.Release|x86.Build.0 = Release|Win32
		{F75EBC6D-C0A8-4E6B-BE6F-3483E525D8D4}.Debug|x64.ActiveCfg = Debug|x64
		{F75EBC6D-C0A8-4E6B-BE6F-3483E525D8D4}.Debug|x64.Build.0 = Debug|x64
		{F75EBC6D-C0A8-4E6B-BE6F-3483E525D8D4}.Debug|x86.ActiveCfg = Debug|Win32
		{F75EBC6D-C0A8-4E6B-BE6F-3483E525D8D4}.Debug|x86.Build.0 = Debug|Win32
		{F75EBC6D-C0A8-4E6B-BE6F-3483E525D8D4}.Release|x64.ActiveCfg = Release|x64
		{F75EBC6D-C0A8-4E6B-BE6F-3483E525D8D4}.Release|x64.Build.0 = Release|x64
		{F75EBC6D-C0A8-4E6B-BE6F-3483E525D8D4}.Release|x86.ActiveCfg = Release|Win32
		{F75EBC6D-C0A8-4E6B-BE6F-3483E525D8D4}.Release|x86.Build.0 = Release|Win32
		{A4733D88-489E-4389-8EE3-98933C1FB81C}.Debug|x64.ActiveCfg = Debug|x64
		{A4733D88-489E-4389-8EE3-98933C1FB81C}.Debug|x64.Build.0 = Debug|x64
		{A4733D88-489E-4389-8EE3-98933C1FB81C}.Debug|x86.ActiveCfg = Debug|Win32
		{A4733D88-489E-4389-8EE3-98933C1FB81C}.Debug|x86.Build.0 = Debug|Win32
		{A4733D88-489E-4389-8EE3-98933C1FB81C}.Release|x64.ActiveCfg = Release|x64
		{A4733D88-489E-4389-8EE3-98933C1FB81C}.Release|x64.Build.0 = Release|x64
		{A4733D88-489E-4389-8EE3-98933C1FB81C}.Release|x86.ActiveCfg = Release|Win32
		{A4733D88-489E-4389-8EE3-98933C1FB81C}.Release|x86.Build.0 = Release|Win32
		{FD9FC995-9CCE-460F-B047-7A98864EABBC}.Debug|x64.ActiveCfg = Debug|x64
		{FD9FC995-9CCE-460F-B047-7A98864EABBC}.Debug|x64.Build.0 = Debug|x64
		{FD9FC995-9CCE-460F-B047-7A98864EABBC}.Debug|x86.ActiveCfg = Debug|Win32
		{FD9FC995-9CCE-460F-B047-7A98864EABBC}.Debug|x86.Build.0 = Debug|Win32
		{FD9FC995-9CCE-460F-B047-7A98864EABBC}.Release|x64.ActiveCfg = Release|x64
		{FD9FC995-9CCE-460F-B047-7A98864EABBC}.Release|x64.Build.0 = Release|x64
		{FD9FC995-9CCE-460F-B047-7A98864EABBC}.Release|x86.ActiveCfg = Release|Win32
		{FD9FC995-9CCE-460F-B047-7A98864EABBC}.Release|x86.Build.0 = Release|Win32
		{F1B86057-018D-47F8-9246-B3FB5749F6D7}.Debug|x64.ActiveCfg = Debug|x64
		{F1B86057-018D-47F8-9246-B3FB5749F6D7}.Debug|x64.Build.0 = Debug|x64
		{F1B86057-018D-47F8-9246-B3FB5749F6D7}.Debug|x86.ActiveCfg = Debug|Win32
		{F1B86057-018D-47F8-9246-B3FB5749F6D7}.Debug|x86.Build.0 = Debug|Win32
		{F1B86057-018D-47F8-9246-B3FB5749F6D7}.Release|x64.ActiveCfg = Release|x64
		{F1B86057-018D-47F8-9246-B3FB5749F6D7}.Release|x64.Build.0 = Release|x64
		{F1B86057-018D-47F8-9246-B3FB5749F6D7}.Release|x86.ActiveCfg = Release|Win32
		{F1B86057-018D-47F8-9246-B3FB5749F6D7}.Release|x86.Build.0 = Release|Win32
		{8A402A17-CF96-407F-B6E7-483332C57018}.Debug|x64.ActiveCfg = Debug|x64
		{8A402A17-CF96-407F-B6E7-483332C57018}.Debug|x64.Build.0 = Debug|x64
		{8A402A17-CF96-407F-B6E7-483332C57018}.Debug|x86.ActiveCfg = Debug|Win32
		{8A402A17-CF96-407F-B6E7-483332C57018}.Debug|x86.Build.0 = Debug|Win32
		{8A402A17-CF96-407F-B6E7-483332C57018}.Release|x64.ActiveCfg = Release|x64
		{8A402A17-CF96-407F-B6E7-483332C57018}.Release|x64.Build.0 = Release|x64
		{8A402A17-CF96-407F-B6E7-483332C57018}.Release|x86.ActiveCfg = Release|Win32
		{8A402A17-CF96-407F-B6E7-483332C57018}.Release|x86.Build.0 = Release|Win32
		{B0B7BF9B-3E6E-4220-9164-E3AC1F4E829D}.Debug|x64.ActiveCfg = Debug|x64
		{B0B7BF9B-3E6E-4220-9164-E3AC1F4E829D}.Debug|x64.Build.0 = Debug|x64
		{B0B7BF9B-3E6E-4220-9164-E3AC1F4E829D}.Debug|x86.ActiveCfg = Debug|Win32
		{B0B7BF9B-3E6E-4220-9164-E3AC1F4E829D}.Debug|x86.Build.0 = Debug|Win32
		{B0B7BF9B-3E6E-4220-9164-E3AC1F4E829D}.Release|x64.ActiveCfg = Release|x64
		{B0B7BF9B-3E6E-4220-9164-E3AC1F4E829D}.Release|x64.Build.0 = Release|x64
		{B0B7BF9B-3E6E-4220-9164-E3AC1F4E829D}.Release|x86.ActiveCfg = Release|Win32
		{B0B7BF9B-3E6E-4220-9164-E3AC1F4E829D}.Release|x86.Build.0 = Release|Win32
		{7CC61436-E143-4A79-A81C-2A588A1F36A0}.Debug|x64.ActiveCfg = Debug|x64
		{7CC61436-E143-4A79-A81C-2A588A1F36A0}.Debug|x64.Build.0 = Debug|x64
		{7CC61436-E143-4A79-A81C-2A588A1F36A0}.Debug|x86.ActiveCfg = Debug|Win32
		{7CC61436-E143-4A79-A81C-2A588A1F36A0}.Debug|x86.Build.0 = Debug|Win32
		{7CC61436-E143-4A79-A81C-2A588A1F36A0}.Release|x64.ActiveCfg = Release|x64
		{7CC61436-E143-4A79-A81C-2A588A1F36A0}.Release|x64.Build.0 = Release|x64
		{7CC61436-E143-4A79-A81C-2A588A1F36A0}.Release|x86.ActiveCfg = Release|Win32
		{7CC61436-E143-4A79-A81C-2A588A1F36A0}.Release|x86.Build.0 = Release|Win32
		{9DF81286-59DC-4187-A577-53F1FB35A0C7}.Debug|x64.ActiveCfg = Debug|x64
		{9DF81286-59DC-4187-A577-53F1FB35A0C7}.Debug|x64.Build.0 = Debug|x64
		{9DF81286-59DC-4187-A577-53F1FB35A0C7}.Debug|x86.ActiveCfg = Debug|Win32
		{9DF81286-59DC-4187-A577-53F1FB35A0C7}.Debug|x86.Build.0 = Debug|Win32
		{9DF81286-59DC-4187-A577-53F1FB35A0C7}.Release|x64.ActiveCfg = Release|x64
		{9DF81286-59DC-4187-A577-53F1FB35A0C7}.Release|x64.Build.0 = Release|x64
		{9DF81286-59DC-4187-A577-53F1FB35A0C7}.Release|x86.ActiveCfg = Release|Win32
		{9DF81286-59DC-4187-A577-53F1FB35A0C7}.Release|x86.Build.0 = Release|Win32
		{1F89572A-EB32-49A3-98DE-597A7EE8E3B3}.Debug|x64.ActiveCfg = Debug|x64
		{1F89572A-EB32-49A3-98DE-597A7EE8E3B3}.Debug|x64.Build.0 = Debug|x64
		{1F89572A-EB32-49A3-98DE-597A7EE8E3B3}.Debug|x86.ActiveCfg = Debug|Win32
		{1F89572A-EB32-49A3-98DE-597A7EE8E3B3}.Debug|x86.Build.0 = Debug|Win32
		{1F89572A-EB32-49A3-98DE-597A7EE8E3B3}.Release|x64.ActiveCfg = Release|x64
		{1F89572A-EB32-49A3-98DE-597A7EE8E3B3}.Release|x64.Build.0 = Release|x64
		{1F89572A-EB32-49A3-98DE-597A7EE8E3B3}.Release|x86.ActiveCfg = Release|Win32
		{1F89572A-EB32-49A3-98DE-597A7EE8E3B3}.Release|x86.Build.0 = Release|Win32
		{F33866B0-656D-438E-9080-6C3A1AB25900}.Debug|x64.ActiveCfg = Debug|x64
		{F33866B0-656D-438E-9080-6C3A1AB25900}.Debug|x64.Build.0 = Debug|x64
		{F33866B0-656D-438E-9080-6C3A1AB25900}.Debug|x86.ActiveCfg = Debug|Win32
		{F33866B0-656D-438E-9080-6C3A1AB25900}.Debug|x86.Build.0 = Debug|Win32
		{F33866B0-656D-438E-9080-6C3A1AB25900}.Release|x64.ActiveCfg = Release|x64
		{F33866B0-656D-438E-9080-6C3A1AB25900}.Release|x64.Build.0 = Release|x64
		{F33866B0-656D-438E-9080-6C3A1AB25900}.Release|x86.ActiveCfg = Release|Win32
		{F33866B0-656D-438E-9080-6C3A1AB25900}.Release|x86.Build.0 = Release|Win32
		{490B67C4-7E08-4E27-AC05-77E999A238B0}.Debug|x64.ActiveCfg = Debug|x64
		{490B67C4-7E08-4E27-AC05-77E999A238B0}.Debug|x64.Build.0 = Debug|x64
		{490B67C4-7E08-4E27-AC05-77E999A238B0}.Debug|x86.ActiveCfg = Debug|Win32
		{490B67C4-7E08-4E27-AC05-77E999A238B0}.Debug|x86.Build.0 = Debug|Win32
		{490B67C4-7E08-4E27-AC05-77E999A238B0}.Release|x64.ActiveCfg = Release|x64
		{490B67C4-7E08-4E27-AC05-77E999A238B0}.Release|x64.Build.0 = Release|x64
		{490B67C4-7E08-4E27-AC05-77E999A238B0}.Release|x86.ActiveCfg = Release|Win32
		{490B67C4-7E08-4E27-AC05-77E999A238B0}.Release|x86.Build.0 = Release|Win32
		{011BE9E6-9CD9-45CC-A087-96FD9110C0B5}.Debug|x64.ActiveCfg = Debug|x64
		{011BE9E6-9CD9-45CC-A087-96FD9110C0B5}.Debug|x64.Build.0 = Debug|x64
		{011BE9E6-9CD9-45CC-A087-96FD9110C0B5}.Debug|x86.ActiveCfg = Debug|Win32
		{011BE9E6-9CD9-45CC-A087-96FD9110C0B5}.Debug|x86.Build.0 = Debug|Win32
		{011BE9E6-9CD9-45CC-A087-96FD9110C0B5}.Release|x64.ActiveCfg = Release|x64
		{011BE9E6-9CD9-45CC-A087-96FD9110C0B5}.Release|x64.Build.0 = Release|x64
		{011BE9E6-9CD9-45CC-A087-96FD9110C0B5}.Release|x86.ActiveCfg = Release|Win32
		{011BE9E6-9CD9-45CC-A087-96FD9110C0B5}.Release|x86.Build.0 = Release|Win32
		{F624FDF5-4F04-4E04-8C7B-990144D9B6C7}.Debug|x64.ActiveCfg = Debug|x64
		{F624FDF5-4F04-4E04-8C7B-990144D9B6C7}.Debug|x64.Build.0 = Debug|x64
		{F624FDF5-4F04-4E04-8C7B-990144D9B6C7}.Debug|x86.ActiveCfg = Debug|Win32
		{F624FDF5-4F04-4E04-8C7B-990144D9B6C7}.Debug|x86.Build.0 = Debug|Win32
		{F624FDF5-4F04-4E04-8C7B-990144D9B6C7}.Release|x64.ActiveCfg = Release|x64
		{F624FDF5-4F04-4E04-8C7B-990144D9B6C7}.Release|x64.Build.0 = Release|x64
		{F624FDF5-4F04-4E04-8C7B-990144D9B6C7}.Release|x86.ActiveCfg = Release|Win32
		{F624FDF5-4F04-4E04-8C7B-990144D9B6C7}.Release|x86.Build.0 = Release|Win32
		{C2BCE282-5D4E-47C3-8F66-0BE966161661}.Debug|x64.ActiveCfg = Debug|x64
		{C2BCE282-5D4E-47C3-8F66-0BE966161661}.Debug|x64.Build.0 = Debug|x64
		{C2BCE282-5D4E-47C3-8F66-0BE966161661}.Debug|x86.ActiveCfg = Debug|Win32
		{C2BCE282-5D4E-47C3-8F66-0BE966161661}.Debug|x86.Build.0 = Debug|Win32
		{C2BCE282-5D4E-47C3-8F66-0BE966161661}.Release|x64.ActiveCfg = Release|x64
		{C2BCE282-5D4E-47C3-8F66-0BE966161661}.Release|x64.Build.0 = Release|x64
		{C2BCE282-5D4E-47C3-8F66-0BE966161661}.Release|x86.ActiveCfg = Release|Win32
		{C2BCE282-5D4E-47C3-8F66-0BE966161661}.Release|x86.Build.0 = Release|Win32
		{9C3D498E-5313-4F46-B83F-E5F8BD6D95EC}.Debug|x64.ActiveCfg = Debug|x64
		{9C3D498E-5313-4F46-B83F-E5F8BD6D95EC}.Debug|x64.Build.0 = Debug|x64
		{9C3D498E-5313-4F46-B83F-E5F8BD6D95EC}.Debug|x86.ActiveCfg = Debug|Win32
		{9C3D498E-5313-4F46-B83F-E5F8BD6D95EC}.Debug|x86.Build.0 = Debug|Win32
		{9C3D498E-5313-4F46-B83F-E5F8BD6D95EC}.Release|x64.ActiveCfg = Release|x64
		{9C3D498E-5313-4F46-B83F-E5F8BD6D95EC}.Release|x64.Build.0 = Release|x64
		{9C3D498E-5313-4F46-B83F-E5F8BD6D95EC}.Release|x86.ActiveCfg = Release|Win32
		{9C3D498E-5313-4F46-B83F-E5F8BD6D95EC}.Release|x86.Build.0 = Release|Win32
	EndGlobalSection
	GlobalSection(SolutionProperties) = preSolution
		HideSolutionNode = FALSE
	EndGlobalSection
	GlobalSection(ExtensibilityGlobals) = postSolution
		SolutionGuid = {587BCAA4-77A4-4907-ABD5-FE12B262B44D}
	EndGlobalSection
EndGlobal
