
Microsoft Visual Studio Solution File, Format Version 12.00
# Visual Studio Version 16
VisualStudioVersion = 16.0.29519.181
MinimumVisualStudioVersion = 10.0.40219.1
Project("{8BC9CEB8-8B4A-11D0-8D11-00A0C91BC942}") = "9_2", "Chapter9\Chapter9.vcxproj", "{4838C78B-CC19-45D9-8A00-BA32ECD86441}"
EndProject
Project("{8BC9CEB8-8B4A-11D0-8D11-00A0C91BC942}") = "9_3", "9_3\9_3.vcxproj", "{3A72423D-97C2-4AD6-AA72-C6CC6552C899}"
EndProject
Project("{8BC9CEB8-8B4A-11D0-8D11-00A0C91BC942}") = "9_4", "9_4\9_4.vcxproj", "{546459E0-46AA-4E42-BAD5-058CBD4B1C64}"
EndProject
Project("{8BC9CEB8-8B4A-11D0-8D11-00A0C91BC942}") = "9_5", "9_5\9_5.vcxproj", "{638154AB-7F2C-4F1B-91FD-0A3464046475}"
EndProject
Project("{8BC9CEB8-8B4A-11D0-8D11-00A0C91BC942}") = "9_5_a", "9_5_a\9_5_a.vcxproj", "{DAA5FEFA-0841-4C67-94CB-F73C799FB93B}"
EndProject
Project("{8BC9CEB8-8B4A-11D0-8D11-00A0C91BC942}") = "9_6", "9_6\9_6.vcxproj", "{E038AFDA-34AD-4E71-807A-D9FA8E0A2DD3}"
EndProject
Project("{8BC9CEB8-8B4A-11D0-8D11-00A0C91BC942}") = "9_7", "9_7\9_7.vcxproj", "{0F0648EB-1CE8-4767-9F78-2039082BDE0A}"
EndProject
Project("{8BC9CEB8-8B4A-11D0-8D11-00A0C91BC942}") = "9_8", "9_8\9_8.vcxproj", "{C6C9FC9B-6AFA-4838-88F8-0EF4C18C10CE}"
EndProject
Project("{8BC9CEB8-8B4A-11D0-8D11-00A0C91BC942}") = "9_8_origin", "9_8_origin\9_8_origin.vcxproj", "{3751380F-DE68-4E1A-B3D5-5A213F8B1EF0}"
EndProject
Project("{8BC9CEB8-8B4A-11D0-8D11-00A0C91BC942}") = "9_9", "9_9\9_9.vcxproj", "{C0A4D75D-5DD6-415C-94AD-1AC98F5C4CC3}"
EndProject
Project("{8BC9CEB8-8B4A-11D0-8D11-00A0C91BC942}") = "9_10", "9_10\9_10.vcxproj", "{C6F04DBB-570F-4532-8AC3-D6087DB954D5}"
EndProject
Project("{8BC9CEB8-8B4A-11D0-8D11-00A0C91BC942}") = "9_11", "9_11\9_11.vcxproj", "{1DDEADAA-B7EB-44D4-AFA9-F8130DA91BFC}"
EndProject
Project("{8BC9CEB8-8B4A-11D0-8D11-00A0C91BC942}") = "test", "test\test.vcxproj", "{868DECB0-B9B4-45BC-B4FE-0671C789F438}"
EndProject
Global
	GlobalSection(SolutionConfigurationPlatforms) = preSolution
		Debug|x64 = Debug|x64
		Debug|x86 = Debug|x86
		Release|x64 = Release|x64
		Release|x86 = Release|x86
	EndGlobalSection
	GlobalSection(ProjectConfigurationPlatforms) = postSolution
		{4838C78B-CC19-45D9-8A00-BA32ECD86441}.Debug|x64.ActiveCfg = Debug|x64
		{4838C78B-CC19-45D9-8A00-BA32ECD86441}.Debug|x64.Build.0 = Debug|x64
		{4838C78B-CC19-45D9-8A00-BA32ECD86441}.Debug|x86.ActiveCfg = Debug|Win32
		{4838C78B-CC19-45D9-8A00-BA32ECD86441}.Debug|x86.Build.0 = Debug|Win32
		{4838C78B-CC19-45D9-8A00-BA32ECD86441}.Release|x64.ActiveCfg = Release|x64
		{4838C78B-CC19-45D9-8A00-BA32ECD86441}.Release|x64.Build.0 = Release|x64
		{4838C78B-CC19-45D9-8A00-BA32ECD86441}.Release|x86.ActiveCfg = Release|Win32
		{4838C78B-CC19-45D9-8A00-BA32ECD86441}.Release|x86.Build.0 = Release|Win32
		{3A72423D-97C2-4AD6-AA72-C6CC6552C899}.Debug|x64.ActiveCfg = Debug|x64
		{3A72423D-97C2-4AD6-AA72-C6CC6552C899}.Debug|x64.Build.0 = Debug|x64
		{3A72423D-97C2-4AD6-AA72-C6CC6552C899}.Debug|x86.ActiveCfg = Debug|Win32
		{3A72423D-97C2-4AD6-AA72-C6CC6552C899}.Debug|x86.Build.0 = Debug|Win32
		{3A72423D-97C2-4AD6-AA72-C6CC6552C899}.Release|x64.ActiveCfg = Release|x64
		{3A72423D-97C2-4AD6-AA72-C6CC6552C899}.Release|x64.Build.0 = Release|x64
		{3A72423D-97C2-4AD6-AA72-C6CC6552C899}.Release|x86.ActiveCfg = Release|Win32
		{3A72423D-97C2-4AD6-AA72-C6CC6552C899}.Release|x86.Build.0 = Release|Win32
		{546459E0-46AA-4E42-BAD5-058CBD4B1C64}.Debug|x64.ActiveCfg = Debug|x64
		{546459E0-46AA-4E42-BAD5-058CBD4B1C64}.Debug|x64.Build.0 = Debug|x64
		{546459E0-46AA-4E42-BAD5-058CBD4B1C64}.Debug|x86.ActiveCfg = Debug|Win32
		{546459E0-46AA-4E42-BAD5-058CBD4B1C64}.Debug|x86.Build.0 = Debug|Win32
		{546459E0-46AA-4E42-BAD5-058CBD4B1C64}.Release|x64.ActiveCfg = Release|x64
		{546459E0-46AA-4E42-BAD5-058CBD4B1C64}.Release|x64.Build.0 = Release|x64
		{546459E0-46AA-4E42-BAD5-058CBD4B1C64}.Release|x86.ActiveCfg = Release|Win32
		{546459E0-46AA-4E42-BAD5-058CBD4B1C64}.Release|x86.Build.0 = Release|Win32
		{638154AB-7F2C-4F1B-91FD-0A3464046475}.Debug|x64.ActiveCfg = Debug|x64
		{638154AB-7F2C-4F1B-91FD-0A3464046475}.Debug|x64.Build.0 = Debug|x64
		{638154AB-7F2C-4F1B-91FD-0A3464046475}.Debug|x86.ActiveCfg = Debug|Win32
		{638154AB-7F2C-4F1B-91FD-0A3464046475}.Debug|x86.Build.0 = Debug|Win32
		{638154AB-7F2C-4F1B-91FD-0A3464046475}.Release|x64.ActiveCfg = Release|x64
		{638154AB-7F2C-4F1B-91FD-0A3464046475}.Release|x64.Build.0 = Release|x64
		{638154AB-7F2C-4F1B-91FD-0A3464046475}.Release|x86.ActiveCfg = Release|Win32
		{638154AB-7F2C-4F1B-91FD-0A3464046475}.Release|x86.Build.0 = Release|Win32
		{DAA5FEFA-0841-4C67-94CB-F73C799FB93B}.Debug|x64.ActiveCfg = Debug|x64
		{DAA5FEFA-0841-4C67-94CB-F73C799FB93B}.Debug|x64.Build.0 = Debug|x64
		{DAA5FEFA-0841-4C67-94CB-F73C799FB93B}.Debug|x86.ActiveCfg = Debug|Win32
		{DAA5FEFA-0841-4C67-94CB-F73C799FB93B}.Debug|x86.Build.0 = Debug|Win32
		{DAA5FEFA-0841-4C67-94CB-F73C799FB93B}.Release|x64.ActiveCfg = Release|x64
		{DAA5FEFA-0841-4C67-94CB-F73C799FB93B}.Release|x64.Build.0 = Release|x64
		{DAA5FEFA-0841-4C67-94CB-F73C799FB93B}.Release|x86.ActiveCfg = Release|Win32
		{DAA5FEFA-0841-4C67-94CB-F73C799FB93B}.Release|x86.Build.0 = Release|Win32
		{E038AFDA-34AD-4E71-807A-D9FA8E0A2DD3}.Debug|x64.ActiveCfg = Debug|x64
		{E038AFDA-34AD-4E71-807A-D9FA8E0A2DD3}.Debug|x64.Build.0 = Debug|x64
		{E038AFDA-34AD-4E71-807A-D9FA8E0A2DD3}.Debug|x86.ActiveCfg = Debug|Win32
		{E038AFDA-34AD-4E71-807A-D9FA8E0A2DD3}.Debug|x86.Build.0 = Debug|Win32
		{E038AFDA-34AD-4E71-807A-D9FA8E0A2DD3}.Release|x64.ActiveCfg = Release|x64
		{E038AFDA-34AD-4E71-807A-D9FA8E0A2DD3}.Release|x64.Build.0 = Release|x64
		{E038AFDA-34AD-4E71-807A-D9FA8E0A2DD3}.Release|x86.ActiveCfg = Release|Win32
		{E038AFDA-34AD-4E71-807A-D9FA8E0A2DD3}.Release|x86.Build.0 = Release|Win32
		{0F0648EB-1CE8-4767-9F78-2039082BDE0A}.Debug|x64.ActiveCfg = Debug|x64
		{0F0648EB-1CE8-4767-9F78-2039082BDE0A}.Debug|x64.Build.0 = Debug|x64
		{0F0648EB-1CE8-4767-9F78-2039082BDE0A}.Debug|x86.ActiveCfg = Debug|Win32
		{0F0648EB-1CE8-4767-9F78-2039082BDE0A}.Debug|x86.Build.0 = Debug|Win32
		{0F0648EB-1CE8-4767-9F78-2039082BDE0A}.Release|x64.ActiveCfg = Release|x64
		{0F0648EB-1CE8-4767-9F78-2039082BDE0A}.Release|x64.Build.0 = Release|x64
		{0F0648EB-1CE8-4767-9F78-2039082BDE0A}.Release|x86.ActiveCfg = Release|Win32
		{0F0648EB-1CE8-4767-9F78-2039082BDE0A}.Release|x86.Build.0 = Release|Win32
		{C6C9FC9B-6AFA-4838-88F8-0EF4C18C10CE}.Debug|x64.ActiveCfg = Debug|x64
		{C6C9FC9B-6AFA-4838-88F8-0EF4C18C10CE}.Debug|x64.Build.0 = Debug|x64
		{C6C9FC9B-6AFA-4838-88F8-0EF4C18C10CE}.Debug|x86.ActiveCfg = Debug|Win32
		{C6C9FC9B-6AFA-4838-88F8-0EF4C18C10CE}.Debug|x86.Build.0 = Debug|Win32
		{C6C9FC9B-6AFA-4838-88F8-0EF4C18C10CE}.Release|x64.ActiveCfg = Release|x64
		{C6C9FC9B-6AFA-4838-88F8-0EF4C18C10CE}.Release|x64.Build.0 = Release|x64
		{C6C9FC9B-6AFA-4838-88F8-0EF4C18C10CE}.Release|x86.ActiveCfg = Release|Win32
		{C6C9FC9B-6AFA-4838-88F8-0EF4C18C10CE}.Release|x86.Build.0 = Release|Win32
		{3751380F-DE68-4E1A-B3D5-5A213F8B1EF0}.Debug|x64.ActiveCfg = Debug|x64
		{3751380F-DE68-4E1A-B3D5-5A213F8B1EF0}.Debug|x64.Build.0 = Debug|x64
		{3751380F-DE68-4E1A-B3D5-5A213F8B1EF0}.Debug|x86.ActiveCfg = Debug|Win32
		{3751380F-DE68-4E1A-B3D5-5A213F8B1EF0}.Debug|x86.Build.0 = Debug|Win32
		{3751380F-DE68-4E1A-B3D5-5A213F8B1EF0}.Release|x64.ActiveCfg = Release|x64
		{3751380F-DE68-4E1A-B3D5-5A213F8B1EF0}.Release|x64.Build.0 = Release|x64
		{3751380F-DE68-4E1A-B3D5-5A213F8B1EF0}.Release|x86.ActiveCfg = Release|Win32
		{3751380F-DE68-4E1A-B3D5-5A213F8B1EF0}.Release|x86.Build.0 = Release|Win32
		{C0A4D75D-5DD6-415C-94AD-1AC98F5C4CC3}.Debug|x64.ActiveCfg = Debug|x64
		{C0A4D75D-5DD6-415C-94AD-1AC98F5C4CC3}.Debug|x64.Build.0 = Debug|x64
		{C0A4D75D-5DD6-415C-94AD-1AC98F5C4CC3}.Debug|x86.ActiveCfg = Debug|Win32
		{C0A4D75D-5DD6-415C-94AD-1AC98F5C4CC3}.Debug|x86.Build.0 = Debug|Win32
		{C0A4D75D-5DD6-415C-94AD-1AC98F5C4CC3}.Release|x64.ActiveCfg = Release|x64
		{C0A4D75D-5DD6-415C-94AD-1AC98F5C4CC3}.Release|x64.Build.0 = Release|x64
		{C0A4D75D-5DD6-415C-94AD-1AC98F5C4CC3}.Release|x86.ActiveCfg = Release|Win32
		{C0A4D75D-5DD6-415C-94AD-1AC98F5C4CC3}.Release|x86.Build.0 = Release|Win32
		{C6F04DBB-570F-4532-8AC3-D6087DB954D5}.Debug|x64.ActiveCfg = Debug|x64
		{C6F04DBB-570F-4532-8AC3-D6087DB954D5}.Debug|x64.Build.0 = Debug|x64
		{C6F04DBB-570F-4532-8AC3-D6087DB954D5}.Debug|x86.ActiveCfg = Debug|Win32
		{C6F04DBB-570F-4532-8AC3-D6087DB954D5}.Debug|x86.Build.0 = Debug|Win32
		{C6F04DBB-570F-4532-8AC3-D6087DB954D5}.Release|x64.ActiveCfg = Release|x64
		{C6F04DBB-570F-4532-8AC3-D6087DB954D5}.Release|x64.Build.0 = Release|x64
		{C6F04DBB-570F-4532-8AC3-D6087DB954D5}.Release|x86.ActiveCfg = Release|Win32
		{C6F04DBB-570F-4532-8AC3-D6087DB954D5}.Release|x86.Build.0 = Release|Win32
		{1DDEADAA-B7EB-44D4-AFA9-F8130DA91BFC}.Debug|x64.ActiveCfg = Debug|x64
		{1DDEADAA-B7EB-44D4-AFA9-F8130DA91BFC}.Debug|x64.Build.0 = Debug|x64
		{1DDEADAA-B7EB-44D4-AFA9-F8130DA91BFC}.Debug|x86.ActiveCfg = Debug|Win32
		{1DDEADAA-B7EB-44D4-AFA9-F8130DA91BFC}.Debug|x86.Build.0 = Debug|Win32
		{1DDEADAA-B7EB-44D4-AFA9-F8130DA91BFC}.Release|x64.ActiveCfg = Release|x64
		{1DDEADAA-B7EB-44D4-AFA9-F8130DA91BFC}.Release|x64.Build.0 = Release|x64
		{1DDEADAA-B7EB-44D4-AFA9-F8130DA91BFC}.Release|x86.ActiveCfg = Release|Win32
		{1DDEADAA-B7EB-44D4-AFA9-F8130DA91BFC}.Release|x86.Build.0 = Release|Win32
		{868DECB0-B9B4-45BC-B4FE-0671C789F438}.Debug|x64.ActiveCfg = Debug|x64
		{868DECB0-B9B4-45BC-B4FE-0671C789F438}.Debug|x64.Build.0 = Debug|x64
		{868DECB0-B9B4-45BC-B4FE-0671C789F438}.Debug|x86.ActiveCfg = Debug|Win32
		{868DECB0-B9B4-45BC-B4FE-0671C789F438}.Debug|x86.Build.0 = Debug|Win32
		{868DECB0-B9B4-45BC-B4FE-0671C789F438}.Release|x64.ActiveCfg = Release|x64
		{868DECB0-B9B4-45BC-B4FE-0671C789F438}.Release|x64.Build.0 = Release|x64
		{868DECB0-B9B4-45BC-B4FE-0671C789F438}.Release|x86.ActiveCfg = Release|Win32
		{868DECB0-B9B4-45BC-B4FE-0671C789F438}.Release|x86.Build.0 = Release|Win32
	EndGlobalSection
	GlobalSection(SolutionProperties) = preSolution
		HideSolutionNode = FALSE
	EndGlobalSection
	GlobalSection(ExtensibilityGlobals) = postSolution
		SolutionGuid = {768816D4-B17C-4BF1-BB0A-D367B9638592}
	EndGlobalSection
EndGlobal
