
Microsoft Visual Studio Solution File, Format Version 12.00
# Visual Studio Version 16
VisualStudioVersion = 16.0.29519.181
MinimumVisualStudioVersion = 10.0.40219.1
Project("{8BC9CEB8-8B4A-11D0-8D11-00A0C91BC942}") = "Chapter19", "Chapter19\Chapter19.vcxproj", "{66090F58-F93B-4BB9-B3BD-DE3D72696539}"
EndProject
Project("{8BC9CEB8-8B4A-11D0-8D11-00A0C91BC942}") = "19_2", "19_2\19_2.vcxproj", "{4945B995-524A-4922-8BFA-86C20E4C064E}"
EndProject
Project("{8BC9CEB8-8B4A-11D0-8D11-00A0C91BC942}") = "19_3", "19_3\19_3.vcxproj", "{192DB8D2-ECD3-44F1-BC86-1D6D41501F8A}"
EndProject
Project("{8BC9CEB8-8B4A-11D0-8D11-00A0C91BC942}") = "19_2a", "19_2a\19_2a.vcxproj", "{77E5A57E-BD7A-4F0C-B9A8-DB5CFA01A01B}"
EndProject
Project("{8BC9CEB8-8B4A-11D0-8D11-00A0C91BC942}") = "19_1", "19_1\19_1.vcxproj", "{309B55E2-B325-454B-A8D0-EA6E1F72E896}"
EndProject
Project("{8BC9CEB8-8B4A-11D0-8D11-00A0C91BC942}") = "19_3a", "19_3a\19_3a.vcxproj", "{2E115555-EE90-4F4D-A1E7-821A3EA72B12}"
EndProject
Global
	GlobalSection(SolutionConfigurationPlatforms) = preSolution
		Debug|x64 = Debug|x64
		Debug|x86 = Debug|x86
		Release|x64 = Release|x64
		Release|x86 = Release|x86
	EndGlobalSection
	GlobalSection(ProjectConfigurationPlatforms) = postSolution
		{66090F58-F93B-4BB9-B3BD-DE3D72696539}.Debug|x64.ActiveCfg = Debug|x64
		{66090F58-F93B-4BB9-B3BD-DE3D72696539}.Debug|x64.Build.0 = Debug|x64
		{66090F58-F93B-4BB9-B3BD-DE3D72696539}.Debug|x86.ActiveCfg = Debug|Win32
		{66090F58-F93B-4BB9-B3BD-DE3D72696539}.Debug|x86.Build.0 = Debug|Win32
		{66090F58-F93B-4BB9-B3BD-DE3D72696539}.Release|x64.ActiveCfg = Release|x64
		{66090F58-F93B-4BB9-B3BD-DE3D72696539}.Release|x64.Build.0 = Release|x64
		{66090F58-F93B-4BB9-B3BD-DE3D72696539}.Release|x86.ActiveCfg = Release|Win32
		{66090F58-F93B-4BB9-B3BD-DE3D72696539}.Release|x86.Build.0 = Release|Win32
		{4945B995-524A-4922-8BFA-86C20E4C064E}.Debug|x64.ActiveCfg = Debug|x64
		{4945B995-524A-4922-8BFA-86C20E4C064E}.Debug|x64.Build.0 = Debug|x64
		{4945B995-524A-4922-8BFA-86C20E4C064E}.Debug|x86.ActiveCfg = Debug|Win32
		{4945B995-524A-4922-8BFA-86C20E4C064E}.Debug|x86.Build.0 = Debug|Win32
		{4945B995-524A-4922-8BFA-86C20E4C064E}.Release|x64.ActiveCfg = Release|x64
		{4945B995-524A-4922-8BFA-86C20E4C064E}.Release|x64.Build.0 = Release|x64
		{4945B995-524A-4922-8BFA-86C20E4C064E}.Release|x86.ActiveCfg = Release|Win32
		{4945B995-524A-4922-8BFA-86C20E4C064E}.Release|x86.Build.0 = Release|Win32
		{192DB8D2-ECD3-44F1-BC86-1D6D41501F8A}.Debug|x64.ActiveCfg = Debug|x64
		{192DB8D2-ECD3-44F1-BC86-1D6D41501F8A}.Debug|x64.Build.0 = Debug|x64
		{192DB8D2-ECD3-44F1-BC86-1D6D41501F8A}.Debug|x86.ActiveCfg = Debug|Win32
		{192DB8D2-ECD3-44F1-BC86-1D6D41501F8A}.Debug|x86.Build.0 = Debug|Win32
		{192DB8D2-ECD3-44F1-BC86-1D6D41501F8A}.Release|x64.ActiveCfg = Release|x64
		{192DB8D2-ECD3-44F1-BC86-1D6D41501F8A}.Release|x64.Build.0 = Release|x64
		{192DB8D2-ECD3-44F1-BC86-1D6D41501F8A}.Release|x86.ActiveCfg = Release|Win32
		{192DB8D2-ECD3-44F1-BC86-1D6D41501F8A}.Release|x86.Build.0 = Release|Win32
		{77E5A57E-BD7A-4F0C-B9A8-DB5CFA01A01B}.Debug|x64.ActiveCfg = Debug|x64
		{77E5A57E-BD7A-4F0C-B9A8-DB5CFA01A01B}.Debug|x64.Build.0 = Debug|x64
		{77E5A57E-BD7A-4F0C-B9A8-DB5CFA01A01B}.Debug|x86.ActiveCfg = Debug|Win32
		{77E5A57E-BD7A-4F0C-B9A8-DB5CFA01A01B}.Debug|x86.Build.0 = Debug|Win32
		{77E5A57E-BD7A-4F0C-B9A8-DB5CFA01A01B}.Release|x64.ActiveCfg = Release|x64
		{77E5A57E-BD7A-4F0C-B9A8-DB5CFA01A01B}.Release|x64.Build.0 = Release|x64
		{77E5A57E-BD7A-4F0C-B9A8-DB5CFA01A01B}.Release|x86.ActiveCfg = Release|Win32
		{77E5A57E-BD7A-4F0C-B9A8-DB5CFA01A01B}.Release|x86.Build.0 = Release|Win32
		{309B55E2-B325-454B-A8D0-EA6E1F72E896}.Debug|x64.ActiveCfg = Debug|x64
		{309B55E2-B325-454B-A8D0-EA6E1F72E896}.Debug|x64.Build.0 = Debug|x64
		{309B55E2-B325-454B-A8D0-EA6E1F72E896}.Debug|x86.ActiveCfg = Debug|Win32
		{309B55E2-B325-454B-A8D0-EA6E1F72E896}.Debug|x86.Build.0 = Debug|Win32
		{309B55E2-B325-454B-A8D0-EA6E1F72E896}.Release|x64.ActiveCfg = Release|x64
		{309B55E2-B325-454B-A8D0-EA6E1F72E896}.Release|x64.Build.0 = Release|x64
		{309B55E2-B325-454B-A8D0-EA6E1F72E896}.Release|x86.ActiveCfg = Release|Win32
		{309B55E2-B325-454B-A8D0-EA6E1F72E896}.Release|x86.Build.0 = Release|Win32
		{2E115555-EE90-4F4D-A1E7-821A3EA72B12}.Debug|x64.ActiveCfg = Debug|x64
		{2E115555-EE90-4F4D-A1E7-821A3EA72B12}.Debug|x64.Build.0 = Debug|x64
		{2E115555-EE90-4F4D-A1E7-821A3EA72B12}.Debug|x86.ActiveCfg = Debug|Win32
		{2E115555-EE90-4F4D-A1E7-821A3EA72B12}.Debug|x86.Build.0 = Debug|Win32
		{2E115555-EE90-4F4D-A1E7-821A3EA72B12}.Release|x64.ActiveCfg = Release|x64
		{2E115555-EE90-4F4D-A1E7-821A3EA72B12}.Release|x64.Build.0 = Release|x64
		{2E115555-EE90-4F4D-A1E7-821A3EA72B12}.Release|x86.ActiveCfg = Release|Win32
		{2E115555-EE90-4F4D-A1E7-821A3EA72B12}.Release|x86.Build.0 = Release|Win32
	EndGlobalSection
	GlobalSection(SolutionProperties) = preSolution
		HideSolutionNode = FALSE
	EndGlobalSection
	GlobalSection(ExtensibilityGlobals) = postSolution
		SolutionGuid = {4E9A7F29-8AF5-4AF7-94E3-E435B4B5B284}
	EndGlobalSection
EndGlobal
