
Microsoft Visual Studio Solution File, Format Version 12.00
# Visual Studio Version 16
VisualStudioVersion = 16.0.29519.181
MinimumVisualStudioVersion = 10.0.40219.1
Project("{8BC9CEB8-8B4A-11D0-8D11-00A0C91BC942}") = "Chapter6", "Chapter6\Chapter6.vcxproj", "{4F2D8B6D-9179-4894-847F-B38C7365C2CE}"
EndProject
Project("{8BC9CEB8-8B4A-11D0-8D11-00A0C91BC942}") = "6_4", "6_4\6_4.vcxproj", "{B12BE847-592C-45A6-A388-60344BF2EEEF}"
EndProject
Project("{8BC9CEB8-8B4A-11D0-8D11-00A0C91BC942}") = "6_6", "6_6\6_6.vcxproj", "{D7F5BF65-1841-4E17-80C5-C65694868DFF}"
EndProject
Project("{8BC9CEB8-8B4A-11D0-8D11-00A0C91BC942}") = "strcmp_self", "strcmp_self\strcmp_self.vcxproj", "{622F57DF-4263-4206-80CB-A783C20C7A7E}"
EndProject
Project("{8BC9CEB8-8B4A-11D0-8D11-00A0C91BC942}") = "concatenate_test", "concatenate_test\concatenate_test.vcxproj", "{A8B145EA-7662-47E0-A405-3F1CAC0E3140}"
EndProject
Project("{8BC9CEB8-8B4A-11D0-8D11-00A0C91BC942}") = "6_17a", "6_7\6_7.vcxproj", "{93609762-C3C0-469A-81DD-67CA2380F7FF}"
EndProject
Project("{8BC9CEB8-8B4A-11D0-8D11-00A0C91BC942}") = "minmaxTest", "minmaxTest\minmaxTest.vcxproj", "{9A2FE0B9-0EBB-433E-BCD8-74227CBB2B7E}"
EndProject
Project("{8BC9CEB8-8B4A-11D0-8D11-00A0C91BC942}") = "6_17", "6_17\6_17.vcxproj", "{D5BC9665-641F-47E0-B28B-C8288A4628D4}"
EndProject
Project("{8BC9CEB8-8B4A-11D0-8D11-00A0C91BC942}") = "6_18", "6_18\6_18.vcxproj", "{F193BEC4-0A23-4924-8F95-6B189816657D}"
EndProject
Project("{8BC9CEB8-8B4A-11D0-8D11-00A0C91BC942}") = "6_7a", "6_7a\6_7a.vcxproj", "{8D5591B8-9721-4169-B385-E0E7C25A84E2}"
EndProject
Project("{8BC9CEB8-8B4A-11D0-8D11-00A0C91BC942}") = "6_8", "6_8\6_8.vcxproj", "{3EF09BFA-1FA8-447F-95BF-4F9DB7AC2C74}"
EndProject
Project("{8BC9CEB8-8B4A-11D0-8D11-00A0C91BC942}") = "6_9", "6_9\6_9.vcxproj", "{D4624EBB-1A0D-4BC1-BBE9-B9D7DD1614A7}"
EndProject
Project("{8BC9CEB8-8B4A-11D0-8D11-00A0C91BC942}") = "6_9a", "6_9a\6_9a.vcxproj", "{497B297C-8684-4FB1-8BEC-8787346F56AF}"
EndProject
Project("{8BC9CEB8-8B4A-11D0-8D11-00A0C91BC942}") = "6_10", "6_10\6_10.vcxproj", "{47257A8A-F7BB-4AB0-BCF3-0C6475989A14}"
EndProject
Project("{8BC9CEB8-8B4A-11D0-8D11-00A0C91BC942}") = "6_11", "6_11\6_11.vcxproj", "{FD79A5D0-C523-4B12-A971-26F650E88AA8}"
EndProject
Project("{8BC9CEB8-8B4A-11D0-8D11-00A0C91BC942}") = "6_11a", "6_11a\6_11a.vcxproj", "{56F4A307-6106-494F-B3EF-288BF03D48F4}"
EndProject
Global
	GlobalSection(SolutionConfigurationPlatforms) = preSolution
		Debug|x64 = Debug|x64
		Debug|x86 = Debug|x86
		Release|x64 = Release|x64
		Release|x86 = Release|x86
	EndGlobalSection
	GlobalSection(ProjectConfigurationPlatforms) = postSolution
		{4F2D8B6D-9179-4894-847F-B38C7365C2CE}.Debug|x64.ActiveCfg = Debug|x64
		{4F2D8B6D-9179-4894-847F-B38C7365C2CE}.Debug|x64.Build.0 = Debug|x64
		{4F2D8B6D-9179-4894-847F-B38C7365C2CE}.Debug|x86.ActiveCfg = Debug|Win32
		{4F2D8B6D-9179-4894-847F-B38C7365C2CE}.Debug|x86.Build.0 = Debug|Win32
		{4F2D8B6D-9179-4894-847F-B38C7365C2CE}.Release|x64.ActiveCfg = Release|x64
		{4F2D8B6D-9179-4894-847F-B38C7365C2CE}.Release|x64.Build.0 = Release|x64
		{4F2D8B6D-9179-4894-847F-B38C7365C2CE}.Release|x86.ActiveCfg = Release|Win32
		{4F2D8B6D-9179-4894-847F-B38C7365C2CE}.Release|x86.Build.0 = Release|Win32
		{B12BE847-592C-45A6-A388-60344BF2EEEF}.Debug|x64.ActiveCfg = Debug|x64
		{B12BE847-592C-45A6-A388-60344BF2EEEF}.Debug|x64.Build.0 = Debug|x64
		{B12BE847-592C-45A6-A388-60344BF2EEEF}.Debug|x86.ActiveCfg = Debug|Win32
		{B12BE847-592C-45A6-A388-60344BF2EEEF}.Debug|x86.Build.0 = Debug|Win32
		{B12BE847-592C-45A6-A388-60344BF2EEEF}.Release|x64.ActiveCfg = Release|x64
		{B12BE847-592C-45A6-A388-60344BF2EEEF}.Release|x64.Build.0 = Release|x64
		{B12BE847-592C-45A6-A388-60344BF2EEEF}.Release|x86.ActiveCfg = Release|Win32
		{B12BE847-592C-45A6-A388-60344BF2EEEF}.Release|x86.Build.0 = Release|Win32
		{D7F5BF65-1841-4E17-80C5-C65694868DFF}.Debug|x64.ActiveCfg = Debug|x64
		{D7F5BF65-1841-4E17-80C5-C65694868DFF}.Debug|x64.Build.0 = Debug|x64
		{D7F5BF65-1841-4E17-80C5-C65694868DFF}.Debug|x86.ActiveCfg = Debug|Win32
		{D7F5BF65-1841-4E17-80C5-C65694868DFF}.Debug|x86.Build.0 = Debug|Win32
		{D7F5BF65-1841-4E17-80C5-C65694868DFF}.Release|x64.ActiveCfg = Release|x64
		{D7F5BF65-1841-4E17-80C5-C65694868DFF}.Release|x64.Build.0 = Release|x64
		{D7F5BF65-1841-4E17-80C5-C65694868DFF}.Release|x86.ActiveCfg = Release|Win32
		{D7F5BF65-1841-4E17-80C5-C65694868DFF}.Release|x86.Build.0 = Release|Win32
		{622F57DF-4263-4206-80CB-A783C20C7A7E}.Debug|x64.ActiveCfg = Debug|x64
		{622F57DF-4263-4206-80CB-A783C20C7A7E}.Debug|x64.Build.0 = Debug|x64
		{622F57DF-4263-4206-80CB-A783C20C7A7E}.Debug|x86.ActiveCfg = Debug|Win32
		{622F57DF-4263-4206-80CB-A783C20C7A7E}.Debug|x86.Build.0 = Debug|Win32
		{622F57DF-4263-4206-80CB-A783C20C7A7E}.Release|x64.ActiveCfg = Release|x64
		{622F57DF-4263-4206-80CB-A783C20C7A7E}.Release|x64.Build.0 = Release|x64
		{622F57DF-4263-4206-80CB-A783C20C7A7E}.Release|x86.ActiveCfg = Release|Win32
		{622F57DF-4263-4206-80CB-A783C20C7A7E}.Release|x86.Build.0 = Release|Win32
		{A8B145EA-7662-47E0-A405-3F1CAC0E3140}.Debug|x64.ActiveCfg = Debug|x64
		{A8B145EA-7662-47E0-A405-3F1CAC0E3140}.Debug|x64.Build.0 = Debug|x64
		{A8B145EA-7662-47E0-A405-3F1CAC0E3140}.Debug|x86.ActiveCfg = Debug|Win32
		{A8B145EA-7662-47E0-A405-3F1CAC0E3140}.Debug|x86.Build.0 = Debug|Win32
		{A8B145EA-7662-47E0-A405-3F1CAC0E3140}.Release|x64.ActiveCfg = Release|x64
		{A8B145EA-7662-47E0-A405-3F1CAC0E3140}.Release|x64.Build.0 = Release|x64
		{A8B145EA-7662-47E0-A405-3F1CAC0E3140}.Release|x86.ActiveCfg = Release|Win32
		{A8B145EA-7662-47E0-A405-3F1CAC0E3140}.Release|x86.Build.0 = Release|Win32
		{93609762-C3C0-469A-81DD-67CA2380F7FF}.Debug|x64.ActiveCfg = Debug|x64
		{93609762-C3C0-469A-81DD-67CA2380F7FF}.Debug|x64.Build.0 = Debug|x64
		{93609762-C3C0-469A-81DD-67CA2380F7FF}.Debug|x86.ActiveCfg = Debug|Win32
		{93609762-C3C0-469A-81DD-67CA2380F7FF}.Debug|x86.Build.0 = Debug|Win32
		{93609762-C3C0-469A-81DD-67CA2380F7FF}.Release|x64.ActiveCfg = Release|x64
		{93609762-C3C0-469A-81DD-67CA2380F7FF}.Release|x64.Build.0 = Release|x64
		{93609762-C3C0-469A-81DD-67CA2380F7FF}.Release|x86.ActiveCfg = Release|Win32
		{93609762-C3C0-469A-81DD-67CA2380F7FF}.Release|x86.Build.0 = Release|Win32
		{9A2FE0B9-0EBB-433E-BCD8-74227CBB2B7E}.Debug|x64.ActiveCfg = Debug|x64
		{9A2FE0B9-0EBB-433E-BCD8-74227CBB2B7E}.Debug|x64.Build.0 = Debug|x64
		{9A2FE0B9-0EBB-433E-BCD8-74227CBB2B7E}.Debug|x86.ActiveCfg = Debug|Win32
		{9A2FE0B9-0EBB-433E-BCD8-74227CBB2B7E}.Debug|x86.Build.0 = Debug|Win32
		{9A2FE0B9-0EBB-433E-BCD8-74227CBB2B7E}.Release|x64.ActiveCfg = Release|x64
		{9A2FE0B9-0EBB-433E-BCD8-74227CBB2B7E}.Release|x64.Build.0 = Release|x64
		{9A2FE0B9-0EBB-433E-BCD8-74227CBB2B7E}.Release|x86.ActiveCfg = Release|Win32
		{9A2FE0B9-0EBB-433E-BCD8-74227CBB2B7E}.Release|x86.Build.0 = Release|Win32
		{D5BC9665-641F-47E0-B28B-C8288A4628D4}.Debug|x64.ActiveCfg = Debug|x64
		{D5BC9665-641F-47E0-B28B-C8288A4628D4}.Debug|x64.Build.0 = Debug|x64
		{D5BC9665-641F-47E0-B28B-C8288A4628D4}.Debug|x86.ActiveCfg = Debug|Win32
		{D5BC9665-641F-47E0-B28B-C8288A4628D4}.Debug|x86.Build.0 = Debug|Win32
		{D5BC9665-641F-47E0-B28B-C8288A4628D4}.Release|x64.ActiveCfg = Release|x64
		{D5BC9665-641F-47E0-B28B-C8288A4628D4}.Release|x64.Build.0 = Release|x64
		{D5BC9665-641F-47E0-B28B-C8288A4628D4}.Release|x86.ActiveCfg = Release|Win32
		{D5BC9665-641F-47E0-B28B-C8288A4628D4}.Release|x86.Build.0 = Release|Win32
		{F193BEC4-0A23-4924-8F95-6B189816657D}.Debug|x64.ActiveCfg = Debug|x64
		{F193BEC4-0A23-4924-8F95-6B189816657D}.Debug|x64.Build.0 = Debug|x64
		{F193BEC4-0A23-4924-8F95-6B189816657D}.Debug|x86.ActiveCfg = Debug|Win32
		{F193BEC4-0A23-4924-8F95-6B189816657D}.Debug|x86.Build.0 = Debug|Win32
		{F193BEC4-0A23-4924-8F95-6B189816657D}.Release|x64.ActiveCfg = Release|x64
		{F193BEC4-0A23-4924-8F95-6B189816657D}.Release|x64.Build.0 = Release|x64
		{F193BEC4-0A23-4924-8F95-6B189816657D}.Release|x86.ActiveCfg = Release|Win32
		{F193BEC4-0A23-4924-8F95-6B189816657D}.Release|x86.Build.0 = Release|Win32
		{8D5591B8-9721-4169-B385-E0E7C25A84E2}.Debug|x64.ActiveCfg = Debug|x64
		{8D5591B8-9721-4169-B385-E0E7C25A84E2}.Debug|x64.Build.0 = Debug|x64
		{8D5591B8-9721-4169-B385-E0E7C25A84E2}.Debug|x86.ActiveCfg = Debug|Win32
		{8D5591B8-9721-4169-B385-E0E7C25A84E2}.Debug|x86.Build.0 = Debug|Win32
		{8D5591B8-9721-4169-B385-E0E7C25A84E2}.Release|x64.ActiveCfg = Release|x64
		{8D5591B8-9721-4169-B385-E0E7C25A84E2}.Release|x64.Build.0 = Release|x64
		{8D5591B8-9721-4169-B385-E0E7C25A84E2}.Release|x86.ActiveCfg = Release|Win32
		{8D5591B8-9721-4169-B385-E0E7C25A84E2}.Release|x86.Build.0 = Release|Win32
		{3EF09BFA-1FA8-447F-95BF-4F9DB7AC2C74}.Debug|x64.ActiveCfg = Debug|x64
		{3EF09BFA-1FA8-447F-95BF-4F9DB7AC2C74}.Debug|x64.Build.0 = Debug|x64
		{3EF09BFA-1FA8-447F-95BF-4F9DB7AC2C74}.Debug|x86.ActiveCfg = Debug|Win32
		{3EF09BFA-1FA8-447F-95BF-4F9DB7AC2C74}.Debug|x86.Build.0 = Debug|Win32
		{3EF09BFA-1FA8-447F-95BF-4F9DB7AC2C74}.Release|x64.ActiveCfg = Release|x64
		{3EF09BFA-1FA8-447F-95BF-4F9DB7AC2C74}.Release|x64.Build.0 = Release|x64
		{3EF09BFA-1FA8-447F-95BF-4F9DB7AC2C74}.Release|x86.ActiveCfg = Release|Win32
		{3EF09BFA-1FA8-447F-95BF-4F9DB7AC2C74}.Release|x86.Build.0 = Release|Win32
		{D4624EBB-1A0D-4BC1-BBE9-B9D7DD1614A7}.Debug|x64.ActiveCfg = Debug|x64
		{D4624EBB-1A0D-4BC1-BBE9-B9D7DD1614A7}.Debug|x64.Build.0 = Debug|x64
		{D4624EBB-1A0D-4BC1-BBE9-B9D7DD1614A7}.Debug|x86.ActiveCfg = Debug|Win32
		{D4624EBB-1A0D-4BC1-BBE9-B9D7DD1614A7}.Debug|x86.Build.0 = Debug|Win32
		{D4624EBB-1A0D-4BC1-BBE9-B9D7DD1614A7}.Release|x64.ActiveCfg = Release|x64
		{D4624EBB-1A0D-4BC1-BBE9-B9D7DD1614A7}.Release|x64.Build.0 = Release|x64
		{D4624EBB-1A0D-4BC1-BBE9-B9D7DD1614A7}.Release|x86.ActiveCfg = Release|Win32
		{D4624EBB-1A0D-4BC1-BBE9-B9D7DD1614A7}.Release|x86.Build.0 = Release|Win32
		{497B297C-8684-4FB1-8BEC-8787346F56AF}.Debug|x64.ActiveCfg = Debug|x64
		{497B297C-8684-4FB1-8BEC-8787346F56AF}.Debug|x64.Build.0 = Debug|x64
		{497B297C-8684-4FB1-8BEC-8787346F56AF}.Debug|x86.ActiveCfg = Debug|Win32
		{497B297C-8684-4FB1-8BEC-8787346F56AF}.Debug|x86.Build.0 = Debug|Win32
		{497B297C-8684-4FB1-8BEC-8787346F56AF}.Release|x64.ActiveCfg = Release|x64
		{497B297C-8684-4FB1-8BEC-8787346F56AF}.Release|x64.Build.0 = Release|x64
		{497B297C-8684-4FB1-8BEC-8787346F56AF}.Release|x86.ActiveCfg = Release|Win32
		{497B297C-8684-4FB1-8BEC-8787346F56AF}.Release|x86.Build.0 = Release|Win32
		{47257A8A-F7BB-4AB0-BCF3-0C6475989A14}.Debug|x64.ActiveCfg = Debug|x64
		{47257A8A-F7BB-4AB0-BCF3-0C6475989A14}.Debug|x64.Build.0 = Debug|x64
		{47257A8A-F7BB-4AB0-BCF3-0C6475989A14}.Debug|x86.ActiveCfg = Debug|Win32
		{47257A8A-F7BB-4AB0-BCF3-0C6475989A14}.Debug|x86.Build.0 = Debug|Win32
		{47257A8A-F7BB-4AB0-BCF3-0C6475989A14}.Release|x64.ActiveCfg = Release|x64
		{47257A8A-F7BB-4AB0-BCF3-0C6475989A14}.Release|x64.Build.0 = Release|x64
		{47257A8A-F7BB-4AB0-BCF3-0C6475989A14}.Release|x86.ActiveCfg = Release|Win32
		{47257A8A-F7BB-4AB0-BCF3-0C6475989A14}.Release|x86.Build.0 = Release|Win32
		{FD79A5D0-C523-4B12-A971-26F650E88AA8}.Debug|x64.ActiveCfg = Debug|x64
		{FD79A5D0-C523-4B12-A971-26F650E88AA8}.Debug|x64.Build.0 = Debug|x64
		{FD79A5D0-C523-4B12-A971-26F650E88AA8}.Debug|x86.ActiveCfg = Debug|Win32
		{FD79A5D0-C523-4B12-A971-26F650E88AA8}.Debug|x86.Build.0 = Debug|Win32
		{FD79A5D0-C523-4B12-A971-26F650E88AA8}.Release|x64.ActiveCfg = Release|x64
		{FD79A5D0-C523-4B12-A971-26F650E88AA8}.Release|x64.Build.0 = Release|x64
		{FD79A5D0-C523-4B12-A971-26F650E88AA8}.Release|x86.ActiveCfg = Release|Win32
		{FD79A5D0-C523-4B12-A971-26F650E88AA8}.Release|x86.Build.0 = Release|Win32
		{56F4A307-6106-494F-B3EF-288BF03D48F4}.Debug|x64.ActiveCfg = Debug|x64
		{56F4A307-6106-494F-B3EF-288BF03D48F4}.Debug|x64.Build.0 = Debug|x64
		{56F4A307-6106-494F-B3EF-288BF03D48F4}.Debug|x86.ActiveCfg = Debug|Win32
		{56F4A307-6106-494F-B3EF-288BF03D48F4}.Debug|x86.Build.0 = Debug|Win32
		{56F4A307-6106-494F-B3EF-288BF03D48F4}.Release|x64.ActiveCfg = Release|x64
		{56F4A307-6106-494F-B3EF-288BF03D48F4}.Release|x64.Build.0 = Release|x64
		{56F4A307-6106-494F-B3EF-288BF03D48F4}.Release|x86.ActiveCfg = Release|Win32
		{56F4A307-6106-494F-B3EF-288BF03D48F4}.Release|x86.Build.0 = Release|Win32
	EndGlobalSection
	GlobalSection(SolutionProperties) = preSolution
		HideSolutionNode = FALSE
	EndGlobalSection
	GlobalSection(ExtensibilityGlobals) = postSolution
		SolutionGuid = {20CCEF4A-456F-4D63-886D-7197AE333C98}
	EndGlobalSection
EndGlobal
