
Microsoft Visual Studio Solution File, Format Version 12.00
# Visual Studio Version 16
VisualStudioVersion = 16.0.29519.181
MinimumVisualStudioVersion = 10.0.40219.1
Project("{8BC9CEB8-8B4A-11D0-8D11-00A0C91BC942}") = "Chapter12", "Chapter12\Chapter12.vcxproj", "{6CDF008F-E157-426E-B467-DE3621776AF1}"
EndProject
Project("{8BC9CEB8-8B4A-11D0-8D11-00A0C91BC942}") = "12_2", "12_2\12_2.vcxproj", "{4F556326-5934-4D1D-A500-F06A6A5DEC0C}"
EndProject
Project("{8BC9CEB8-8B4A-11D0-8D11-00A0C91BC942}") = "12_3", "12_3\12_3.vcxproj", "{F0E23D82-399C-405F-8B32-29A4CF87C6CE}"
EndProject
Project("{8BC9CEB8-8B4A-11D0-8D11-00A0C91BC942}") = "12_3a", "12_3a\12_3a.vcxproj", "{32BB2E6F-C682-4EE5-B96F-A36ED290E2EB}"
EndProject
Project("{8BC9CEB8-8B4A-11D0-8D11-00A0C91BC942}") = "12_4", "12_4\12_4.vcxproj", "{0F151167-F4A4-4236-8063-DC94C0B9DD5B}"
EndProject
Project("{8BC9CEB8-8B4A-11D0-8D11-00A0C91BC942}") = "12_5", "12_5\12_5.vcxproj", "{C21A0B23-DBFD-4492-AA03-254A8B8417B0}"
EndProject
Project("{8BC9CEB8-8B4A-11D0-8D11-00A0C91BC942}") = "12_6", "12_6\12_6.vcxproj", "{C0653745-48C4-4179-AB4A-7801A71D8353}"
EndProject
Project("{8BC9CEB8-8B4A-11D0-8D11-00A0C91BC942}") = "12_7", "12_7\12_7.vcxproj", "{6EF0CD1C-532E-46C3-BA18-34A60DCE08E8}"
EndProject
Project("{8BC9CEB8-8B4A-11D0-8D11-00A0C91BC942}") = "12_7a", "12_7a\12_7a.vcxproj", "{00E6465C-A905-46E4-9930-1BBAE24411FC}"
EndProject
Project("{8BC9CEB8-8B4A-11D0-8D11-00A0C91BC942}") = "12_8", "12_8\12_8.vcxproj", "{7B9A41E0-1101-4082-B811-90DC5503177E}"
EndProject
Project("{8BC9CEB8-8B4A-11D0-8D11-00A0C91BC942}") = "12_9", "12_9\12_9.vcxproj", "{1CD2704C-74EA-4C91-8213-AF1810A4D2D6}"
EndProject
Project("{8BC9CEB8-8B4A-11D0-8D11-00A0C91BC942}") = "12_10", "12_10\12_10.vcxproj", "{247AD031-10EF-4958-B82B-A2563E32AD49}"
EndProject
Project("{8BC9CEB8-8B4A-11D0-8D11-00A0C91BC942}") = "12_11", "12_11\12_11.vcxproj", "{E51B78BA-55C2-4D70-BAAB-0DDB648FEF53}"
EndProject
Global
	GlobalSection(SolutionConfigurationPlatforms) = preSolution
		Debug|x64 = Debug|x64
		Debug|x86 = Debug|x86
		Release|x64 = Release|x64
		Release|x86 = Release|x86
	EndGlobalSection
	GlobalSection(ProjectConfigurationPlatforms) = postSolution
		{6CDF008F-E157-426E-B467-DE3621776AF1}.Debug|x64.ActiveCfg = Debug|x64
		{6CDF008F-E157-426E-B467-DE3621776AF1}.Debug|x64.Build.0 = Debug|x64
		{6CDF008F-E157-426E-B467-DE3621776AF1}.Debug|x86.ActiveCfg = Debug|Win32
		{6CDF008F-E157-426E-B467-DE3621776AF1}.Debug|x86.Build.0 = Debug|Win32
		{6CDF008F-E157-426E-B467-DE3621776AF1}.Release|x64.ActiveCfg = Release|x64
		{6CDF008F-E157-426E-B467-DE3621776AF1}.Release|x64.Build.0 = Release|x64
		{6CDF008F-E157-426E-B467-DE3621776AF1}.Release|x86.ActiveCfg = Release|Win32
		{6CDF008F-E157-426E-B467-DE3621776AF1}.Release|x86.Build.0 = Release|Win32
		{4F556326-5934-4D1D-A500-F06A6A5DEC0C}.Debug|x64.ActiveCfg = Debug|x64
		{4F556326-5934-4D1D-A500-F06A6A5DEC0C}.Debug|x64.Build.0 = Debug|x64
		{4F556326-5934-4D1D-A500-F06A6A5DEC0C}.Debug|x86.ActiveCfg = Debug|Win32
		{4F556326-5934-4D1D-A500-F06A6A5DEC0C}.Debug|x86.Build.0 = Debug|Win32
		{4F556326-5934-4D1D-A500-F06A6A5DEC0C}.Release|x64.ActiveCfg = Release|x64
		{4F556326-5934-4D1D-A500-F06A6A5DEC0C}.Release|x64.Build.0 = Release|x64
		{4F556326-5934-4D1D-A500-F06A6A5DEC0C}.Release|x86.ActiveCfg = Release|Win32
		{4F556326-5934-4D1D-A500-F06A6A5DEC0C}.Release|x86.Build.0 = Release|Win32
		{F0E23D82-399C-405F-8B32-29A4CF87C6CE}.Debug|x64.ActiveCfg = Debug|x64
		{F0E23D82-399C-405F-8B32-29A4CF87C6CE}.Debug|x64.Build.0 = Debug|x64
		{F0E23D82-399C-405F-8B32-29A4CF87C6CE}.Debug|x86.ActiveCfg = Debug|Win32
		{F0E23D82-399C-405F-8B32-29A4CF87C6CE}.Debug|x86.Build.0 = Debug|Win32
		{F0E23D82-399C-405F-8B32-29A4CF87C6CE}.Release|x64.ActiveCfg = Release|x64
		{F0E23D82-399C-405F-8B32-29A4CF87C6CE}.Release|x64.Build.0 = Release|x64
		{F0E23D82-399C-405F-8B32-29A4CF87C6CE}.Release|x86.ActiveCfg = Release|Win32
		{F0E23D82-399C-405F-8B32-29A4CF87C6CE}.Release|x86.Build.0 = Release|Win32
		{32BB2E6F-C682-4EE5-B96F-A36ED290E2EB}.Debug|x64.ActiveCfg = Debug|x64
		{32BB2E6F-C682-4EE5-B96F-A36ED290E2EB}.Debug|x64.Build.0 = Debug|x64
		{32BB2E6F-C682-4EE5-B96F-A36ED290E2EB}.Debug|x86.ActiveCfg = Debug|Win32
		{32BB2E6F-C682-4EE5-B96F-A36ED290E2EB}.Debug|x86.Build.0 = Debug|Win32
		{32BB2E6F-C682-4EE5-B96F-A36ED290E2EB}.Release|x64.ActiveCfg = Release|x64
		{32BB2E6F-C682-4EE5-B96F-A36ED290E2EB}.Release|x64.Build.0 = Release|x64
		{32BB2E6F-C682-4EE5-B96F-A36ED290E2EB}.Release|x86.ActiveCfg = Release|Win32
		{32BB2E6F-C682-4EE5-B96F-A36ED290E2EB}.Release|x86.Build.0 = Release|Win32
		{0F151167-F4A4-4236-8063-DC94C0B9DD5B}.Debug|x64.ActiveCfg = Debug|x64
		{0F151167-F4A4-4236-8063-DC94C0B9DD5B}.Debug|x64.Build.0 = Debug|x64
		{0F151167-F4A4-4236-8063-DC94C0B9DD5B}.Debug|x86.ActiveCfg = Debug|Win32
		{0F151167-F4A4-4236-8063-DC94C0B9DD5B}.Debug|x86.Build.0 = Debug|Win32
		{0F151167-F4A4-4236-8063-DC94C0B9DD5B}.Release|x64.ActiveCfg = Release|x64
		{0F151167-F4A4-4236-8063-DC94C0B9DD5B}.Release|x64.Build.0 = Release|x64
		{0F151167-F4A4-4236-8063-DC94C0B9DD5B}.Release|x86.ActiveCfg = Release|Win32
		{0F151167-F4A4-4236-8063-DC94C0B9DD5B}.Release|x86.Build.0 = Release|Win32
		{C21A0B23-DBFD-4492-AA03-254A8B8417B0}.Debug|x64.ActiveCfg = Debug|x64
		{C21A0B23-DBFD-4492-AA03-254A8B8417B0}.Debug|x64.Build.0 = Debug|x64
		{C21A0B23-DBFD-4492-AA03-254A8B8417B0}.Debug|x86.ActiveCfg = Debug|Win32
		{C21A0B23-DBFD-4492-AA03-254A8B8417B0}.Debug|x86.Build.0 = Debug|Win32
		{C21A0B23-DBFD-4492-AA03-254A8B8417B0}.Release|x64.ActiveCfg = Release|x64
		{C21A0B23-DBFD-4492-AA03-254A8B8417B0}.Release|x64.Build.0 = Release|x64
		{C21A0B23-DBFD-4492-AA03-254A8B8417B0}.Release|x86.ActiveCfg = Release|Win32
		{C21A0B23-DBFD-4492-AA03-254A8B8417B0}.Release|x86.Build.0 = Release|Win32
		{C0653745-48C4-4179-AB4A-7801A71D8353}.Debug|x64.ActiveCfg = Debug|x64
		{C0653745-48C4-4179-AB4A-7801A71D8353}.Debug|x64.Build.0 = Debug|x64
		{C0653745-48C4-4179-AB4A-7801A71D8353}.Debug|x86.ActiveCfg = Debug|Win32
		{C0653745-48C4-4179-AB4A-7801A71D8353}.Debug|x86.Build.0 = Debug|Win32
		{C0653745-48C4-4179-AB4A-7801A71D8353}.Release|x64.ActiveCfg = Release|x64
		{C0653745-48C4-4179-AB4A-7801A71D8353}.Release|x64.Build.0 = Release|x64
		{C0653745-48C4-4179-AB4A-7801A71D8353}.Release|x86.ActiveCfg = Release|Win32
		{C0653745-48C4-4179-AB4A-7801A71D8353}.Release|x86.Build.0 = Release|Win32
		{6EF0CD1C-532E-46C3-BA18-34A60DCE08E8}.Debug|x64.ActiveCfg = Debug|x64
		{6EF0CD1C-532E-46C3-BA18-34A60DCE08E8}.Debug|x64.Build.0 = Debug|x64
		{6EF0CD1C-532E-46C3-BA18-34A60DCE08E8}.Debug|x86.ActiveCfg = Debug|Win32
		{6EF0CD1C-532E-46C3-BA18-34A60DCE08E8}.Debug|x86.Build.0 = Debug|Win32
		{6EF0CD1C-532E-46C3-BA18-34A60DCE08E8}.Release|x64.ActiveCfg = Release|x64
		{6EF0CD1C-532E-46C3-BA18-34A60DCE08E8}.Release|x64.Build.0 = Release|x64
		{6EF0CD1C-532E-46C3-BA18-34A60DCE08E8}.Release|x86.ActiveCfg = Release|Win32
		{6EF0CD1C-532E-46C3-BA18-34A60DCE08E8}.Release|x86.Build.0 = Release|Win32
		{00E6465C-A905-46E4-9930-1BBAE24411FC}.Debug|x64.ActiveCfg = Debug|x64
		{00E6465C-A905-46E4-9930-1BBAE24411FC}.Debug|x64.Build.0 = Debug|x64
		{00E6465C-A905-46E4-9930-1BBAE24411FC}.Debug|x86.ActiveCfg = Debug|Win32
		{00E6465C-A905-46E4-9930-1BBAE24411FC}.Debug|x86.Build.0 = Debug|Win32
		{00E6465C-A905-46E4-9930-1BBAE24411FC}.Release|x64.ActiveCfg = Release|x64
		{00E6465C-A905-46E4-9930-1BBAE24411FC}.Release|x64.Build.0 = Release|x64
		{00E6465C-A905-46E4-9930-1BBAE24411FC}.Release|x86.ActiveCfg = Release|Win32
		{00E6465C-A905-46E4-9930-1BBAE24411FC}.Release|x86.Build.0 = Release|Win32
		{7B9A41E0-1101-4082-B811-90DC5503177E}.Debug|x64.ActiveCfg = Debug|x64
		{7B9A41E0-1101-4082-B811-90DC5503177E}.Debug|x64.Build.0 = Debug|x64
		{7B9A41E0-1101-4082-B811-90DC5503177E}.Debug|x86.ActiveCfg = Debug|Win32
		{7B9A41E0-1101-4082-B811-90DC5503177E}.Debug|x86.Build.0 = Debug|Win32
		{7B9A41E0-1101-4082-B811-90DC5503177E}.Release|x64.ActiveCfg = Release|x64
		{7B9A41E0-1101-4082-B811-90DC5503177E}.Release|x64.Build.0 = Release|x64
		{7B9A41E0-1101-4082-B811-90DC5503177E}.Release|x86.ActiveCfg = Release|Win32
		{7B9A41E0-1101-4082-B811-90DC5503177E}.Release|x86.Build.0 = Release|Win32
		{1CD2704C-74EA-4C91-8213-AF1810A4D2D6}.Debug|x64.ActiveCfg = Debug|x64
		{1CD2704C-74EA-4C91-8213-AF1810A4D2D6}.Debug|x64.Build.0 = Debug|x64
		{1CD2704C-74EA-4C91-8213-AF1810A4D2D6}.Debug|x86.ActiveCfg = Debug|Win32
		{1CD2704C-74EA-4C91-8213-AF1810A4D2D6}.Debug|x86.Build.0 = Debug|Win32
		{1CD2704C-74EA-4C91-8213-AF1810A4D2D6}.Release|x64.ActiveCfg = Release|x64
		{1CD2704C-74EA-4C91-8213-AF1810A4D2D6}.Release|x64.Build.0 = Release|x64
		{1CD2704C-74EA-4C91-8213-AF1810A4D2D6}.Release|x86.ActiveCfg = Release|Win32
		{1CD2704C-74EA-4C91-8213-AF1810A4D2D6}.Release|x86.Build.0 = Release|Win32
		{247AD031-10EF-4958-B82B-A2563E32AD49}.Debug|x64.ActiveCfg = Debug|x64
		{247AD031-10EF-4958-B82B-A2563E32AD49}.Debug|x64.Build.0 = Debug|x64
		{247AD031-10EF-4958-B82B-A2563E32AD49}.Debug|x86.ActiveCfg = Debug|Win32
		{247AD031-10EF-4958-B82B-A2563E32AD49}.Debug|x86.Build.0 = Debug|Win32
		{247AD031-10EF-4958-B82B-A2563E32AD49}.Release|x64.ActiveCfg = Release|x64
		{247AD031-10EF-4958-B82B-A2563E32AD49}.Release|x64.Build.0 = Release|x64
		{247AD031-10EF-4958-B82B-A2563E32AD49}.Release|x86.ActiveCfg = Release|Win32
		{247AD031-10EF-4958-B82B-A2563E32AD49}.Release|x86.Build.0 = Release|Win32
		{E51B78BA-55C2-4D70-BAAB-0DDB648FEF53}.Debug|x64.ActiveCfg = Debug|x64
		{E51B78BA-55C2-4D70-BAAB-0DDB648FEF53}.Debug|x64.Build.0 = Debug|x64
		{E51B78BA-55C2-4D70-BAAB-0DDB648FEF53}.Debug|x86.ActiveCfg = Debug|Win32
		{E51B78BA-55C2-4D70-BAAB-0DDB648FEF53}.Debug|x86.Build.0 = Debug|Win32
		{E51B78BA-55C2-4D70-BAAB-0DDB648FEF53}.Release|x64.ActiveCfg = Release|x64
		{E51B78BA-55C2-4D70-BAAB-0DDB648FEF53}.Release|x64.Build.0 = Release|x64
		{E51B78BA-55C2-4D70-BAAB-0DDB648FEF53}.Release|x86.ActiveCfg = Release|Win32
		{E51B78BA-55C2-4D70-BAAB-0DDB648FEF53}.Release|x86.Build.0 = Release|Win32
	EndGlobalSection
	GlobalSection(SolutionProperties) = preSolution
		HideSolutionNode = FALSE
	EndGlobalSection
	GlobalSection(ExtensibilityGlobals) = postSolution
		SolutionGuid = {16C57B26-F55B-4BBD-9664-A6F76C32A8A1}
	EndGlobalSection
EndGlobal
