
Microsoft Visual Studio Solution File, Format Version 12.00
# Visual Studio Version 16
VisualStudioVersion = 16.0.29519.181
MinimumVisualStudioVersion = 10.0.40219.1
Project("{8BC9CEB8-8B4A-11D0-8D11-00A0C91BC942}") = "Chapter8", "Chapter8\Chapter8.vcxproj", "{8DE92CA3-4272-49A3-8525-3C76B775BA8D}"
EndProject
Project("{8BC9CEB8-8B4A-11D0-8D11-00A0C91BC942}") = "8_1", "8_1\8_1.vcxproj", "{DAA9FCAB-5142-4536-B58B-0D4B0AAEBEDE}"
EndProject
Project("{8BC9CEB8-8B4A-11D0-8D11-00A0C91BC942}") = "8_1a", "8_1a\8_1a.vcxproj", "{5A700912-E47C-4597-968D-F63EA7C31F34}"
EndProject
Project("{8BC9CEB8-8B4A-11D0-8D11-00A0C91BC942}") = "8_2", "8_2\8_2.vcxproj", "{930A2A7D-5DC9-4994-8325-77E228561E4E}"
EndProject
Project("{8BC9CEB8-8B4A-11D0-8D11-00A0C91BC942}") = "8_3", "8_3\8_3.vcxproj", "{4674E44A-2708-4700-A184-FCB348222D0B}"
EndProject
Project("{8BC9CEB8-8B4A-11D0-8D11-00A0C91BC942}") = "8_3a", "8_3a\8_3a.vcxproj", "{04B83B45-F1CA-46F7-8B7A-CB57A564DDE0}"
EndProject
Project("{8BC9CEB8-8B4A-11D0-8D11-00A0C91BC942}") = "8_3b", "8_3b\8_3b.vcxproj", "{77D1C0DA-D677-42BA-BF45-91B3BAE61B8E}"
EndProject
Project("{8BC9CEB8-8B4A-11D0-8D11-00A0C91BC942}") = "8_9", "8_9\8_9.vcxproj", "{1C51A819-F64D-483E-9C7A-F12BF7AAE2CC}"
EndProject
Project("{8BC9CEB8-8B4A-11D0-8D11-00A0C91BC942}") = "8_10", "8_10\8_10.vcxproj", "{14891308-4147-4FCC-83BD-0ED2CA62B674}"
EndProject
Project("{8BC9CEB8-8B4A-11D0-8D11-00A0C91BC942}") = "8_11", "8_11\8_11.vcxproj", "{0045D81D-EF1E-4CB1-AA2B-363D15BD80E1}"
EndProject
Project("{8BC9CEB8-8B4A-11D0-8D11-00A0C91BC942}") = "8_11a", "8_11a\8_11a.vcxproj", "{C0984FA2-68A0-4A66-BE57-9C90CE52E106}"
EndProject
Project("{8BC9CEB8-8B4A-11D0-8D11-00A0C91BC942}") = "8_12", "8_12\8_12.vcxproj", "{88067E4D-53C9-4311-BBD0-B601EB321446}"
EndProject
Project("{8BC9CEB8-8B4A-11D0-8D11-00A0C91BC942}") = "8_13", "8_13\8_13.vcxproj", "{DA2CEA32-D27F-4697-ACB6-88D70AB9E4A1}"
EndProject
Project("{8BC9CEB8-8B4A-11D0-8D11-00A0C91BC942}") = "8_13a", "8_13a\8_13a.vcxproj", "{38D69427-DFB8-4745-886D-FE6C3281CD50}"
EndProject
Project("{8BC9CEB8-8B4A-11D0-8D11-00A0C91BC942}") = "8_14", "8_14\8_14.vcxproj", "{B2B4D61E-02D5-4338-AD40-BF68A8702168}"
EndProject
Project("{8BC9CEB8-8B4A-11D0-8D11-00A0C91BC942}") = "8_15", "8_15\8_15.vcxproj", "{9A868A05-5BF2-4116-BDEA-2A61AA74002B}"
EndProject
Global
	GlobalSection(SolutionConfigurationPlatforms) = preSolution
		Debug|x64 = Debug|x64
		Debug|x86 = Debug|x86
		Release|x64 = Release|x64
		Release|x86 = Release|x86
	EndGlobalSection
	GlobalSection(ProjectConfigurationPlatforms) = postSolution
		{8DE92CA3-4272-49A3-8525-3C76B775BA8D}.Debug|x64.ActiveCfg = Debug|x64
		{8DE92CA3-4272-49A3-8525-3C76B775BA8D}.Debug|x64.Build.0 = Debug|x64
		{8DE92CA3-4272-49A3-8525-3C76B775BA8D}.Debug|x86.ActiveCfg = Debug|Win32
		{8DE92CA3-4272-49A3-8525-3C76B775BA8D}.Debug|x86.Build.0 = Debug|Win32
		{8DE92CA3-4272-49A3-8525-3C76B775BA8D}.Release|x64.ActiveCfg = Release|x64
		{8DE92CA3-4272-49A3-8525-3C76B775BA8D}.Release|x64.Build.0 = Release|x64
		{8DE92CA3-4272-49A3-8525-3C76B775BA8D}.Release|x86.ActiveCfg = Release|Win32
		{8DE92CA3-4272-49A3-8525-3C76B775BA8D}.Release|x86.Build.0 = Release|Win32
		{DAA9FCAB-5142-4536-B58B-0D4B0AAEBEDE}.Debug|x64.ActiveCfg = Debug|x64
		{DAA9FCAB-5142-4536-B58B-0D4B0AAEBEDE}.Debug|x64.Build.0 = Debug|x64
		{DAA9FCAB-5142-4536-B58B-0D4B0AAEBEDE}.Debug|x86.ActiveCfg = Debug|Win32
		{DAA9FCAB-5142-4536-B58B-0D4B0AAEBEDE}.Debug|x86.Build.0 = Debug|Win32
		{DAA9FCAB-5142-4536-B58B-0D4B0AAEBEDE}.Release|x64.ActiveCfg = Release|x64
		{DAA9FCAB-5142-4536-B58B-0D4B0AAEBEDE}.Release|x64.Build.0 = Release|x64
		{DAA9FCAB-5142-4536-B58B-0D4B0AAEBEDE}.Release|x86.ActiveCfg = Release|Win32
		{DAA9FCAB-5142-4536-B58B-0D4B0AAEBEDE}.Release|x86.Build.0 = Release|Win32
		{5A700912-E47C-4597-968D-F63EA7C31F34}.Debug|x64.ActiveCfg = Debug|x64
		{5A700912-E47C-4597-968D-F63EA7C31F34}.Debug|x64.Build.0 = Debug|x64
		{5A700912-E47C-4597-968D-F63EA7C31F34}.Debug|x86.ActiveCfg = Debug|Win32
		{5A700912-E47C-4597-968D-F63EA7C31F34}.Debug|x86.Build.0 = Debug|Win32
		{5A700912-E47C-4597-968D-F63EA7C31F34}.Release|x64.ActiveCfg = Release|x64
		{5A700912-E47C-4597-968D-F63EA7C31F34}.Release|x64.Build.0 = Release|x64
		{5A700912-E47C-4597-968D-F63EA7C31F34}.Release|x86.ActiveCfg = Release|Win32
		{5A700912-E47C-4597-968D-F63EA7C31F34}.Release|x86.Build.0 = Release|Win32
		{930A2A7D-5DC9-4994-8325-77E228561E4E}.Debug|x64.ActiveCfg = Debug|x64
		{930A2A7D-5DC9-4994-8325-77E228561E4E}.Debug|x64.Build.0 = Debug|x64
		{930A2A7D-5DC9-4994-8325-77E228561E4E}.Debug|x86.ActiveCfg = Debug|Win32
		{930A2A7D-5DC9-4994-8325-77E228561E4E}.Debug|x86.Build.0 = Debug|Win32
		{930A2A7D-5DC9-4994-8325-77E228561E4E}.Release|x64.ActiveCfg = Release|x64
		{930A2A7D-5DC9-4994-8325-77E228561E4E}.Release|x64.Build.0 = Release|x64
		{930A2A7D-5DC9-4994-8325-77E228561E4E}.Release|x86.ActiveCfg = Release|Win32
		{930A2A7D-5DC9-4994-8325-77E228561E4E}.Release|x86.Build.0 = Release|Win32
		{4674E44A-2708-4700-A184-FCB348222D0B}.Debug|x64.ActiveCfg = Debug|x64
		{4674E44A-2708-4700-A184-FCB348222D0B}.Debug|x64.Build.0 = Debug|x64
		{4674E44A-2708-4700-A184-FCB348222D0B}.Debug|x86.ActiveCfg = Debug|Win32
		{4674E44A-2708-4700-A184-FCB348222D0B}.Debug|x86.Build.0 = Debug|Win32
		{4674E44A-2708-4700-A184-FCB348222D0B}.Release|x64.ActiveCfg = Release|x64
		{4674E44A-2708-4700-A184-FCB348222D0B}.Release|x64.Build.0 = Release|x64
		{4674E44A-2708-4700-A184-FCB348222D0B}.Release|x86.ActiveCfg = Release|Win32
		{4674E44A-2708-4700-A184-FCB348222D0B}.Release|x86.Build.0 = Release|Win32
		{04B83B45-F1CA-46F7-8B7A-CB57A564DDE0}.Debug|x64.ActiveCfg = Debug|x64
		{04B83B45-F1CA-46F7-8B7A-CB57A564DDE0}.Debug|x64.Build.0 = Debug|x64
		{04B83B45-F1CA-46F7-8B7A-CB57A564DDE0}.Debug|x86.ActiveCfg = Debug|Win32
		{04B83B45-F1CA-46F7-8B7A-CB57A564DDE0}.Debug|x86.Build.0 = Debug|Win32
		{04B83B45-F1CA-46F7-8B7A-CB57A564DDE0}.Release|x64.ActiveCfg = Release|x64
		{04B83B45-F1CA-46F7-8B7A-CB57A564DDE0}.Release|x64.Build.0 = Release|x64
		{04B83B45-F1CA-46F7-8B7A-CB57A564DDE0}.Release|x86.ActiveCfg = Release|Win32
		{04B83B45-F1CA-46F7-8B7A-CB57A564DDE0}.Release|x86.Build.0 = Release|Win32
		{77D1C0DA-D677-42BA-BF45-91B3BAE61B8E}.Debug|x64.ActiveCfg = Debug|x64
		{77D1C0DA-D677-42BA-BF45-91B3BAE61B8E}.Debug|x64.Build.0 = Debug|x64
		{77D1C0DA-D677-42BA-BF45-91B3BAE61B8E}.Debug|x86.ActiveCfg = Debug|Win32
		{77D1C0DA-D677-42BA-BF45-91B3BAE61B8E}.Debug|x86.Build.0 = Debug|Win32
		{77D1C0DA-D677-42BA-BF45-91B3BAE61B8E}.Release|x64.ActiveCfg = Release|x64
		{77D1C0DA-D677-42BA-BF45-91B3BAE61B8E}.Release|x64.Build.0 = Release|x64
		{77D1C0DA-D677-42BA-BF45-91B3BAE61B8E}.Release|x86.ActiveCfg = Release|Win32
		{77D1C0DA-D677-42BA-BF45-91B3BAE61B8E}.Release|x86.Build.0 = Release|Win32
		{1C51A819-F64D-483E-9C7A-F12BF7AAE2CC}.Debug|x64.ActiveCfg = Debug|x64
		{1C51A819-F64D-483E-9C7A-F12BF7AAE2CC}.Debug|x64.Build.0 = Debug|x64
		{1C51A819-F64D-483E-9C7A-F12BF7AAE2CC}.Debug|x86.ActiveCfg = Debug|Win32
		{1C51A819-F64D-483E-9C7A-F12BF7AAE2CC}.Debug|x86.Build.0 = Debug|Win32
		{1C51A819-F64D-483E-9C7A-F12BF7AAE2CC}.Release|x64.ActiveCfg = Release|x64
		{1C51A819-F64D-483E-9C7A-F12BF7AAE2CC}.Release|x64.Build.0 = Release|x64
		{1C51A819-F64D-483E-9C7A-F12BF7AAE2CC}.Release|x86.ActiveCfg = Release|Win32
		{1C51A819-F64D-483E-9C7A-F12BF7AAE2CC}.Release|x86.Build.0 = Release|Win32
		{14891308-4147-4FCC-83BD-0ED2CA62B674}.Debug|x64.ActiveCfg = Debug|x64
		{14891308-4147-4FCC-83BD-0ED2CA62B674}.Debug|x64.Build.0 = Debug|x64
		{14891308-4147-4FCC-83BD-0ED2CA62B674}.Debug|x86.ActiveCfg = Debug|Win32
		{14891308-4147-4FCC-83BD-0ED2CA62B674}.Debug|x86.Build.0 = Debug|Win32
		{14891308-4147-4FCC-83BD-0ED2CA62B674}.Release|x64.ActiveCfg = Release|x64
		{14891308-4147-4FCC-83BD-0ED2CA62B674}.Release|x64.Build.0 = Release|x64
		{14891308-4147-4FCC-83BD-0ED2CA62B674}.Release|x86.ActiveCfg = Release|Win32
		{14891308-4147-4FCC-83BD-0ED2CA62B674}.Release|x86.Build.0 = Release|Win32
		{0045D81D-EF1E-4CB1-AA2B-363D15BD80E1}.Debug|x64.ActiveCfg = Debug|x64
		{0045D81D-EF1E-4CB1-AA2B-363D15BD80E1}.Debug|x64.Build.0 = Debug|x64
		{0045D81D-EF1E-4CB1-AA2B-363D15BD80E1}.Debug|x86.ActiveCfg = Debug|Win32
		{0045D81D-EF1E-4CB1-AA2B-363D15BD80E1}.Debug|x86.Build.0 = Debug|Win32
		{0045D81D-EF1E-4CB1-AA2B-363D15BD80E1}.Release|x64.ActiveCfg = Release|x64
		{0045D81D-EF1E-4CB1-AA2B-363D15BD80E1}.Release|x64.Build.0 = Release|x64
		{0045D81D-EF1E-4CB1-AA2B-363D15BD80E1}.Release|x86.ActiveCfg = Release|Win32
		{0045D81D-EF1E-4CB1-AA2B-363D15BD80E1}.Release|x86.Build.0 = Release|Win32
		{C0984FA2-68A0-4A66-BE57-9C90CE52E106}.Debug|x64.ActiveCfg = Debug|x64
		{C0984FA2-68A0-4A66-BE57-9C90CE52E106}.Debug|x64.Build.0 = Debug|x64
		{C0984FA2-68A0-4A66-BE57-9C90CE52E106}.Debug|x86.ActiveCfg = Debug|Win32
		{C0984FA2-68A0-4A66-BE57-9C90CE52E106}.Debug|x86.Build.0 = Debug|Win32
		{C0984FA2-68A0-4A66-BE57-9C90CE52E106}.Release|x64.ActiveCfg = Release|x64
		{C0984FA2-68A0-4A66-BE57-9C90CE52E106}.Release|x64.Build.0 = Release|x64
		{C0984FA2-68A0-4A66-BE57-9C90CE52E106}.Release|x86.ActiveCfg = Release|Win32
		{C0984FA2-68A0-4A66-BE57-9C90CE52E106}.Release|x86.Build.0 = Release|Win32
		{88067E4D-53C9-4311-BBD0-B601EB321446}.Debug|x64.ActiveCfg = Debug|x64
		{88067E4D-53C9-4311-BBD0-B601EB321446}.Debug|x64.Build.0 = Debug|x64
		{88067E4D-53C9-4311-BBD0-B601EB321446}.Debug|x86.ActiveCfg = Debug|Win32
		{88067E4D-53C9-4311-BBD0-B601EB321446}.Debug|x86.Build.0 = Debug|Win32
		{88067E4D-53C9-4311-BBD0-B601EB321446}.Release|x64.ActiveCfg = Release|x64
		{88067E4D-53C9-4311-BBD0-B601EB321446}.Release|x64.Build.0 = Release|x64
		{88067E4D-53C9-4311-BBD0-B601EB321446}.Release|x86.ActiveCfg = Release|Win32
		{88067E4D-53C9-4311-BBD0-B601EB321446}.Release|x86.Build.0 = Release|Win32
		{DA2CEA32-D27F-4697-ACB6-88D70AB9E4A1}.Debug|x64.ActiveCfg = Debug|x64
		{DA2CEA32-D27F-4697-ACB6-88D70AB9E4A1}.Debug|x64.Build.0 = Debug|x64
		{DA2CEA32-D27F-4697-ACB6-88D70AB9E4A1}.Debug|x86.ActiveCfg = Debug|Win32
		{DA2CEA32-D27F-4697-ACB6-88D70AB9E4A1}.Debug|x86.Build.0 = Debug|Win32
		{DA2CEA32-D27F-4697-ACB6-88D70AB9E4A1}.Release|x64.ActiveCfg = Release|x64
		{DA2CEA32-D27F-4697-ACB6-88D70AB9E4A1}.Release|x64.Build.0 = Release|x64
		{DA2CEA32-D27F-4697-ACB6-88D70AB9E4A1}.Release|x86.ActiveCfg = Release|Win32
		{DA2CEA32-D27F-4697-ACB6-88D70AB9E4A1}.Release|x86.Build.0 = Release|Win32
		{38D69427-DFB8-4745-886D-FE6C3281CD50}.Debug|x64.ActiveCfg = Debug|x64
		{38D69427-DFB8-4745-886D-FE6C3281CD50}.Debug|x64.Build.0 = Debug|x64
		{38D69427-DFB8-4745-886D-FE6C3281CD50}.Debug|x86.ActiveCfg = Debug|Win32
		{38D69427-DFB8-4745-886D-FE6C3281CD50}.Debug|x86.Build.0 = Debug|Win32
		{38D69427-DFB8-4745-886D-FE6C3281CD50}.Release|x64.ActiveCfg = Release|x64
		{38D69427-DFB8-4745-886D-FE6C3281CD50}.Release|x64.Build.0 = Release|x64
		{38D69427-DFB8-4745-886D-FE6C3281CD50}.Release|x86.ActiveCfg = Release|Win32
		{38D69427-DFB8-4745-886D-FE6C3281CD50}.Release|x86.Build.0 = Release|Win32
		{B2B4D61E-02D5-4338-AD40-BF68A8702168}.Debug|x64.ActiveCfg = Debug|x64
		{B2B4D61E-02D5-4338-AD40-BF68A8702168}.Debug|x64.Build.0 = Debug|x64
		{B2B4D61E-02D5-4338-AD40-BF68A8702168}.Debug|x86.ActiveCfg = Debug|Win32
		{B2B4D61E-02D5-4338-AD40-BF68A8702168}.Debug|x86.Build.0 = Debug|Win32
		{B2B4D61E-02D5-4338-AD40-BF68A8702168}.Release|x64.ActiveCfg = Release|x64
		{B2B4D61E-02D5-4338-AD40-BF68A8702168}.Release|x64.Build.0 = Release|x64
		{B2B4D61E-02D5-4338-AD40-BF68A8702168}.Release|x86.ActiveCfg = Release|Win32
		{B2B4D61E-02D5-4338-AD40-BF68A8702168}.Release|x86.Build.0 = Release|Win32
		{9A868A05-5BF2-4116-BDEA-2A61AA74002B}.Debug|x64.ActiveCfg = Debug|x64
		{9A868A05-5BF2-4116-BDEA-2A61AA74002B}.Debug|x64.Build.0 = Debug|x64
		{9A868A05-5BF2-4116-BDEA-2A61AA74002B}.Debug|x86.ActiveCfg = Debug|Win32
		{9A868A05-5BF2-4116-BDEA-2A61AA74002B}.Debug|x86.Build.0 = Debug|Win32
		{9A868A05-5BF2-4116-BDEA-2A61AA74002B}.Release|x64.ActiveCfg = Release|x64
		{9A868A05-5BF2-4116-BDEA-2A61AA74002B}.Release|x64.Build.0 = Release|x64
		{9A868A05-5BF2-4116-BDEA-2A61AA74002B}.Release|x86.ActiveCfg = Release|Win32
		{9A868A05-5BF2-4116-BDEA-2A61AA74002B}.Release|x86.Build.0 = Release|Win32
	EndGlobalSection
	GlobalSection(SolutionProperties) = preSolution
		HideSolutionNode = FALSE
	EndGlobalSection
	GlobalSection(ExtensibilityGlobals) = postSolution
		SolutionGuid = {6E7F328D-0138-471D-9771-396CC3B65EDD}
	EndGlobalSection
EndGlobal
