
Microsoft Visual Studio Solution File, Format Version 12.00
# Visual Studio Version 16
VisualStudioVersion = 16.0.29519.181
MinimumVisualStudioVersion = 10.0.40219.1
Project("{8BC9CEB8-8B4A-11D0-8D11-00A0C91BC942}") = "Chapter5", "Chapter5\Chapter5.vcxproj", "{41AF2080-00FE-488B-B060-6083733CE2D8}"
EndProject
Project("{8BC9CEB8-8B4A-11D0-8D11-00A0C91BC942}") = "5_10", "5_10\5_10.vcxproj", "{54461131-75FD-4523-A56F-1575D57C6205}"
EndProject
Project("{8BC9CEB8-8B4A-11D0-8D11-00A0C91BC942}") = "5_7", "5_7\5_7.vcxproj", "{7CEB89BF-46A1-4CF1-86FD-FE5CD06084CB}"
EndProject
Global
	GlobalSection(SolutionConfigurationPlatforms) = preSolution
		Debug|x64 = Debug|x64
		Debug|x86 = Debug|x86
		Release|x64 = Release|x64
		Release|x86 = Release|x86
	EndGlobalSection
	GlobalSection(ProjectConfigurationPlatforms) = postSolution
		{41AF2080-00FE-488B-B060-6083733CE2D8}.Debug|x64.ActiveCfg = Debug|x64
		{41AF2080-00FE-488B-B060-6083733CE2D8}.Debug|x64.Build.0 = Debug|x64
		{41AF2080-00FE-488B-B060-6083733CE2D8}.Debug|x86.ActiveCfg = Debug|Win32
		{41AF2080-00FE-488B-B060-6083733CE2D8}.Debug|x86.Build.0 = Debug|Win32
		{41AF2080-00FE-488B-B060-6083733CE2D8}.Release|x64.ActiveCfg = Release|x64
		{41AF2080-00FE-488B-B060-6083733CE2D8}.Release|x64.Build.0 = Release|x64
		{41AF2080-00FE-488B-B060-6083733CE2D8}.Release|x86.ActiveCfg = Release|Win32
		{41AF2080-00FE-488B-B060-6083733CE2D8}.Release|x86.Build.0 = Release|Win32
		{54461131-75FD-4523-A56F-1575D57C6205}.Debug|x64.ActiveCfg = Debug|x64
		{54461131-75FD-4523-A56F-1575D57C6205}.Debug|x64.Build.0 = Debug|x64
		{54461131-75FD-4523-A56F-1575D57C6205}.Debug|x86.ActiveCfg = Debug|Win32
		{54461131-75FD-4523-A56F-1575D57C6205}.Debug|x86.Build.0 = Debug|Win32
		{54461131-75FD-4523-A56F-1575D57C6205}.Release|x64.ActiveCfg = Release|x64
		{54461131-75FD-4523-A56F-1575D57C6205}.Release|x64.Build.0 = Release|x64
		{54461131-75FD-4523-A56F-1575D57C6205}.Release|x86.ActiveCfg = Release|Win32
		{54461131-75FD-4523-A56F-1575D57C6205}.Release|x86.Build.0 = Release|Win32
		{7CEB89BF-46A1-4CF1-86FD-FE5CD06084CB}.Debug|x64.ActiveCfg = Debug|x64
		{7CEB89BF-46A1-4CF1-86FD-FE5CD06084CB}.Debug|x64.Build.0 = Debug|x64
		{7CEB89BF-46A1-4CF1-86FD-FE5CD06084CB}.Debug|x86.ActiveCfg = Debug|Win32
		{7CEB89BF-46A1-4CF1-86FD-FE5CD06084CB}.Debug|x86.Build.0 = Debug|Win32
		{7CEB89BF-46A1-4CF1-86FD-FE5CD06084CB}.Release|x64.ActiveCfg = Release|x64
		{7CEB89BF-46A1-4CF1-86FD-FE5CD06084CB}.Release|x64.Build.0 = Release|x64
		{7CEB89BF-46A1-4CF1-86FD-FE5CD06084CB}.Release|x86.ActiveCfg = Release|Win32
		{7CEB89BF-46A1-4CF1-86FD-FE5CD06084CB}.Release|x86.Build.0 = Release|Win32
	EndGlobalSection
	GlobalSection(SolutionProperties) = preSolution
		HideSolutionNode = FALSE
	EndGlobalSection
	GlobalSection(ExtensibilityGlobals) = postSolution
		SolutionGuid = {D6DDBD01-308F-4792-A5D2-C2B3C5AC27EE}
	EndGlobalSection
EndGlobal
