
Microsoft Visual Studio Solution File, Format Version 12.00
# Visual Studio Version 16
VisualStudioVersion = 16.0.29519.181
MinimumVisualStudioVersion = 10.0.40219.1
Project("{8BC9CEB8-8B4A-11D0-8D11-00A0C91BC942}") = "Chapter9a", "Chapter9a\Chapter9a.vcxproj", "{E01302C7-D829-4CEA-84AD-9ABC09D416C7}"
EndProject
Project("{8BC9CEB8-8B4A-11D0-8D11-00A0C91BC942}") = "9_2", "9_2\9_2.vcxproj", "{0F75CD8F-C15C-4E9E-970C-9110FB2A0737}"
EndProject
Project("{8BC9CEB8-8B4A-11D0-8D11-00A0C91BC942}") = "9_3", "9_3\9_3.vcxproj", "{12427D53-4E21-45FC-B297-63031B9BA339}"
EndProject
Project("{8BC9CEB8-8B4A-11D0-8D11-00A0C91BC942}") = "9_4", "9_4\9_4.vcxproj", "{0CEF45F6-7C9E-4B33-A628-F10FF2909EC1}"
EndProject
Project("{8BC9CEB8-8B4A-11D0-8D11-00A0C91BC942}") = "9_4a", "9_4a\9_4a.vcxproj", "{69681CF3-B2AF-430C-B021-18A8FD2F1558}"
EndProject
Project("{8BC9CEB8-8B4A-11D0-8D11-00A0C91BC942}") = "9_5", "9_5\9_5.vcxproj", "{F4F7DDFF-927E-40EC-84A3-130AA8B795EC}"
EndProject
Project("{8BC9CEB8-8B4A-11D0-8D11-00A0C91BC942}") = "9_6", "9_6\9_6.vcxproj", "{DFC5EBB7-FA4F-41E1-87B8-C228CD22D189}"
EndProject
Project("{8BC9CEB8-8B4A-11D0-8D11-00A0C91BC942}") = "9_7", "9_7\9_7.vcxproj", "{A1913BC3-0E70-41BC-A3E0-51D5E2206FAD}"
EndProject
Project("{8BC9CEB8-8B4A-11D0-8D11-00A0C91BC942}") = "9_8", "9_8\9_8.vcxproj", "{555041F1-4CC8-45AA-849C-CE32995E2E56}"
EndProject
Global
	GlobalSection(SolutionConfigurationPlatforms) = preSolution
		Debug|x64 = Debug|x64
		Debug|x86 = Debug|x86
		Release|x64 = Release|x64
		Release|x86 = Release|x86
	EndGlobalSection
	GlobalSection(ProjectConfigurationPlatforms) = postSolution
		{E01302C7-D829-4CEA-84AD-9ABC09D416C7}.Debug|x64.ActiveCfg = Debug|x64
		{E01302C7-D829-4CEA-84AD-9ABC09D416C7}.Debug|x64.Build.0 = Debug|x64
		{E01302C7-D829-4CEA-84AD-9ABC09D416C7}.Debug|x86.ActiveCfg = Debug|Win32
		{E01302C7-D829-4CEA-84AD-9ABC09D416C7}.Debug|x86.Build.0 = Debug|Win32
		{E01302C7-D829-4CEA-84AD-9ABC09D416C7}.Release|x64.ActiveCfg = Release|x64
		{E01302C7-D829-4CEA-84AD-9ABC09D416C7}.Release|x64.Build.0 = Release|x64
		{E01302C7-D829-4CEA-84AD-9ABC09D416C7}.Release|x86.ActiveCfg = Release|Win32
		{E01302C7-D829-4CEA-84AD-9ABC09D416C7}.Release|x86.Build.0 = Release|Win32
		{0F75CD8F-C15C-4E9E-970C-9110FB2A0737}.Debug|x64.ActiveCfg = Debug|x64
		{0F75CD8F-C15C-4E9E-970C-9110FB2A0737}.Debug|x64.Build.0 = Debug|x64
		{0F75CD8F-C15C-4E9E-970C-9110FB2A0737}.Debug|x86.ActiveCfg = Debug|Win32
		{0F75CD8F-C15C-4E9E-970C-9110FB2A0737}.Debug|x86.Build.0 = Debug|Win32
		{0F75CD8F-C15C-4E9E-970C-9110FB2A0737}.Release|x64.ActiveCfg = Release|x64
		{0F75CD8F-C15C-4E9E-970C-9110FB2A0737}.Release|x64.Build.0 = Release|x64
		{0F75CD8F-C15C-4E9E-970C-9110FB2A0737}.Release|x86.ActiveCfg = Release|Win32
		{0F75CD8F-C15C-4E9E-970C-9110FB2A0737}.Release|x86.Build.0 = Release|Win32
		{12427D53-4E21-45FC-B297-63031B9BA339}.Debug|x64.ActiveCfg = Debug|x64
		{12427D53-4E21-45FC-B297-63031B9BA339}.Debug|x64.Build.0 = Debug|x64
		{12427D53-4E21-45FC-B297-63031B9BA339}.Debug|x86.ActiveCfg = Debug|Win32
		{12427D53-4E21-45FC-B297-63031B9BA339}.Debug|x86.Build.0 = Debug|Win32
		{12427D53-4E21-45FC-B297-63031B9BA339}.Release|x64.ActiveCfg = Release|x64
		{12427D53-4E21-45FC-B297-63031B9BA339}.Release|x64.Build.0 = Release|x64
		{12427D53-4E21-45FC-B297-63031B9BA339}.Release|x86.ActiveCfg = Release|Win32
		{12427D53-4E21-45FC-B297-63031B9BA339}.Release|x86.Build.0 = Release|Win32
		{0CEF45F6-7C9E-4B33-A628-F10FF2909EC1}.Debug|x64.ActiveCfg = Debug|x64
		{0CEF45F6-7C9E-4B33-A628-F10FF2909EC1}.Debug|x64.Build.0 = Debug|x64
		{0CEF45F6-7C9E-4B33-A628-F10FF2909EC1}.Debug|x86.ActiveCfg = Debug|Win32
		{0CEF45F6-7C9E-4B33-A628-F10FF2909EC1}.Debug|x86.Build.0 = Debug|Win32
		{0CEF45F6-7C9E-4B33-A628-F10FF2909EC1}.Release|x64.ActiveCfg = Release|x64
		{0CEF45F6-7C9E-4B33-A628-F10FF2909EC1}.Release|x64.Build.0 = Release|x64
		{0CEF45F6-7C9E-4B33-A628-F10FF2909EC1}.Release|x86.ActiveCfg = Release|Win32
		{0CEF45F6-7C9E-4B33-A628-F10FF2909EC1}.Release|x86.Build.0 = Release|Win32
		{69681CF3-B2AF-430C-B021-18A8FD2F1558}.Debug|x64.ActiveCfg = Debug|x64
		{69681CF3-B2AF-430C-B021-18A8FD2F1558}.Debug|x64.Build.0 = Debug|x64
		{69681CF3-B2AF-430C-B021-18A8FD2F1558}.Debug|x86.ActiveCfg = Debug|Win32
		{69681CF3-B2AF-430C-B021-18A8FD2F1558}.Debug|x86.Build.0 = Debug|Win32
		{69681CF3-B2AF-430C-B021-18A8FD2F1558}.Release|x64.ActiveCfg = Release|x64
		{69681CF3-B2AF-430C-B021-18A8FD2F1558}.Release|x64.Build.0 = Release|x64
		{69681CF3-B2AF-430C-B021-18A8FD2F1558}.Release|x86.ActiveCfg = Release|Win32
		{69681CF3-B2AF-430C-B021-18A8FD2F1558}.Release|x86.Build.0 = Release|Win32
		{F4F7DDFF-927E-40EC-84A3-130AA8B795EC}.Debug|x64.ActiveCfg = Debug|x64
		{F4F7DDFF-927E-40EC-84A3-130AA8B795EC}.Debug|x64.Build.0 = Debug|x64
		{F4F7DDFF-927E-40EC-84A3-130AA8B795EC}.Debug|x86.ActiveCfg = Debug|Win32
		{F4F7DDFF-927E-40EC-84A3-130AA8B795EC}.Debug|x86.Build.0 = Debug|Win32
		{F4F7DDFF-927E-40EC-84A3-130AA8B795EC}.Release|x64.ActiveCfg = Release|x64
		{F4F7DDFF-927E-40EC-84A3-130AA8B795EC}.Release|x64.Build.0 = Release|x64
		{F4F7DDFF-927E-40EC-84A3-130AA8B795EC}.Release|x86.ActiveCfg = Release|Win32
		{F4F7DDFF-927E-40EC-84A3-130AA8B795EC}.Release|x86.Build.0 = Release|Win32
		{DFC5EBB7-FA4F-41E1-87B8-C228CD22D189}.Debug|x64.ActiveCfg = Debug|x64
		{DFC5EBB7-FA4F-41E1-87B8-C228CD22D189}.Debug|x64.Build.0 = Debug|x64
		{DFC5EBB7-FA4F-41E1-87B8-C228CD22D189}.Debug|x86.ActiveCfg = Debug|Win32
		{DFC5EBB7-FA4F-41E1-87B8-C228CD22D189}.Debug|x86.Build.0 = Debug|Win32
		{DFC5EBB7-FA4F-41E1-87B8-C228CD22D189}.Release|x64.ActiveCfg = Release|x64
		{DFC5EBB7-FA4F-41E1-87B8-C228CD22D189}.Release|x64.Build.0 = Release|x64
		{DFC5EBB7-FA4F-41E1-87B8-C228CD22D189}.Release|x86.ActiveCfg = Release|Win32
		{DFC5EBB7-FA4F-41E1-87B8-C228CD22D189}.Release|x86.Build.0 = Release|Win32
		{A1913BC3-0E70-41BC-A3E0-51D5E2206FAD}.Debug|x64.ActiveCfg = Debug|x64
		{A1913BC3-0E70-41BC-A3E0-51D5E2206FAD}.Debug|x64.Build.0 = Debug|x64
		{A1913BC3-0E70-41BC-A3E0-51D5E2206FAD}.Debug|x86.ActiveCfg = Debug|Win32
		{A1913BC3-0E70-41BC-A3E0-51D5E2206FAD}.Debug|x86.Build.0 = Debug|Win32
		{A1913BC3-0E70-41BC-A3E0-51D5E2206FAD}.Release|x64.ActiveCfg = Release|x64
		{A1913BC3-0E70-41BC-A3E0-51D5E2206FAD}.Release|x64.Build.0 = Release|x64
		{A1913BC3-0E70-41BC-A3E0-51D5E2206FAD}.Release|x86.ActiveCfg = Release|Win32
		{A1913BC3-0E70-41BC-A3E0-51D5E2206FAD}.Release|x86.Build.0 = Release|Win32
		{555041F1-4CC8-45AA-849C-CE32995E2E56}.Debug|x64.ActiveCfg = Debug|x64
		{555041F1-4CC8-45AA-849C-CE32995E2E56}.Debug|x64.Build.0 = Debug|x64
		{555041F1-4CC8-45AA-849C-CE32995E2E56}.Debug|x86.ActiveCfg = Debug|Win32
		{555041F1-4CC8-45AA-849C-CE32995E2E56}.Debug|x86.Build.0 = Debug|Win32
		{555041F1-4CC8-45AA-849C-CE32995E2E56}.Release|x64.ActiveCfg = Release|x64
		{555041F1-4CC8-45AA-849C-CE32995E2E56}.Release|x64.Build.0 = Release|x64
		{555041F1-4CC8-45AA-849C-CE32995E2E56}.Release|x86.ActiveCfg = Release|Win32
		{555041F1-4CC8-45AA-849C-CE32995E2E56}.Release|x86.Build.0 = Release|Win32
	EndGlobalSection
	GlobalSection(SolutionProperties) = preSolution
		HideSolutionNode = FALSE
	EndGlobalSection
	GlobalSection(ExtensibilityGlobals) = postSolution
		SolutionGuid = {28CA9F9D-EF0B-41C3-99EC-BB07FC76C8E6}
	EndGlobalSection
EndGlobal
