
Microsoft Visual Studio Solution File, Format Version 12.00
# Visual Studio Version 16
VisualStudioVersion = 16.0.29519.181
MinimumVisualStudioVersion = 10.0.40219.1
Project("{8BC9CEB8-8B4A-11D0-8D11-00A0C91BC942}") = "Chapter16", "Chapter16\Chapter16.vcxproj", "{5650B524-512D-492C-A79D-DF96A6ADD58B}"
EndProject
Project("{8BC9CEB8-8B4A-11D0-8D11-00A0C91BC942}") = "16_2", "16_2\16_2.vcxproj", "{224DACFE-D34C-4482-A441-01C05F9F32AE}"
EndProject
Project("{8BC9CEB8-8B4A-11D0-8D11-00A0C91BC942}") = "16_3", "16_3\16_3.vcxproj", "{AB509D63-6505-4B40-B27D-FA96092DAB3F}"
EndProject
Global
	GlobalSection(SolutionConfigurationPlatforms) = preSolution
		Debug|x64 = Debug|x64
		Debug|x86 = Debug|x86
		Release|x64 = Release|x64
		Release|x86 = Release|x86
	EndGlobalSection
	GlobalSection(ProjectConfigurationPlatforms) = postSolution
		{5650B524-512D-492C-A79D-DF96A6ADD58B}.Debug|x64.ActiveCfg = Debug|x64
		{5650B524-512D-492C-A79D-DF96A6ADD58B}.Debug|x64.Build.0 = Debug|x64
		{5650B524-512D-492C-A79D-DF96A6ADD58B}.Debug|x86.ActiveCfg = Debug|Win32
		{5650B524-512D-492C-A79D-DF96A6ADD58B}.Debug|x86.Build.0 = Debug|Win32
		{5650B524-512D-492C-A79D-DF96A6ADD58B}.Release|x64.ActiveCfg = Release|x64
		{5650B524-512D-492C-A79D-DF96A6ADD58B}.Release|x64.Build.0 = Release|x64
		{5650B524-512D-492C-A79D-DF96A6ADD58B}.Release|x86.ActiveCfg = Release|Win32
		{5650B524-512D-492C-A79D-DF96A6ADD58B}.Release|x86.Build.0 = Release|Win32
		{224DACFE-D34C-4482-A441-01C05F9F32AE}.Debug|x64.ActiveCfg = Debug|x64
		{224DACFE-D34C-4482-A441-01C05F9F32AE}.Debug|x64.Build.0 = Debug|x64
		{224DACFE-D34C-4482-A441-01C05F9F32AE}.Debug|x86.ActiveCfg = Debug|Win32
		{224DACFE-D34C-4482-A441-01C05F9F32AE}.Debug|x86.Build.0 = Debug|Win32
		{224DACFE-D34C-4482-A441-01C05F9F32AE}.Release|x64.ActiveCfg = Release|x64
		{224DACFE-D34C-4482-A441-01C05F9F32AE}.Release|x64.Build.0 = Release|x64
		{224DACFE-D34C-4482-A441-01C05F9F32AE}.Release|x86.ActiveCfg = Release|Win32
		{224DACFE-D34C-4482-A441-01C05F9F32AE}.Release|x86.Build.0 = Release|Win32
		{AB509D63-6505-4B40-B27D-FA96092DAB3F}.Debug|x64.ActiveCfg = Debug|x64
		{AB509D63-6505-4B40-B27D-FA96092DAB3F}.Debug|x64.Build.0 = Debug|x64
		{AB509D63-6505-4B40-B27D-FA96092DAB3F}.Debug|x86.ActiveCfg = Debug|Win32
		{AB509D63-6505-4B40-B27D-FA96092DAB3F}.Debug|x86.Build.0 = Debug|Win32
		{AB509D63-6505-4B40-B27D-FA96092DAB3F}.Release|x64.ActiveCfg = Release|x64
		{AB509D63-6505-4B40-B27D-FA96092DAB3F}.Release|x64.Build.0 = Release|x64
		{AB509D63-6505-4B40-B27D-FA96092DAB3F}.Release|x86.ActiveCfg = Release|Win32
		{AB509D63-6505-4B40-B27D-FA96092DAB3F}.Release|x86.Build.0 = Release|Win32
	EndGlobalSection
	GlobalSection(SolutionProperties) = preSolution
		HideSolutionNode = FALSE
	EndGlobalSection
	GlobalSection(ExtensibilityGlobals) = postSolution
		SolutionGuid = {BB66F186-E40D-4D53-BFEE-089EFF47D8C1}
	EndGlobalSection
EndGlobal
